// !$*UTF8*$!
{
	archiveVersion = 1;
	classes = {
	};
	objectVersion = 50;
	objects = {

/* Begin PBXBuildFile section */
		042CA0A621A4F19500AF8E74 /* AppDelegate.m in Sources */ = {isa = PBXBuildFile; fileRef = 042CA0A521A4F19500AF8E74 /* AppDelegate.m */; };
		042CA0AF21A4F19500AF8E74 /* SapphireProject.xcdatamodeld in Sources */ = {isa = PBXBuildFile; fileRef = 042CA0AD21A4F19500AF8E74 /* SapphireProject.xcdatamodeld */; };
		042CA0B121A4F19800AF8E74 /* Assets.xcassets in Resources */ = {isa = PBXBuildFile; fileRef = 042CA0B021A4F19800AF8E74 /* Assets.xcassets */; };
		042CA0B721A4F19800AF8E74 /* main.m in Sources */ = {isa = PBXBuildFile; fileRef = 042CA0B621A4F19800AF8E74 /* main.m */; };
		042CA0C121A4F19800AF8E74 /* SapphireProjectTests.m in Sources */ = {isa = PBXBuildFile; fileRef = 042CA0C021A4F19800AF8E74 /* SapphireProjectTests.m */; };
		042CA0CC21A4F19800AF8E74 /* SapphireProjectUITests.m in Sources */ = {isa = PBXBuildFile; fileRef = 042CA0CB21A4F19800AF8E74 /* SapphireProjectUITests.m */; };
		042CA0E221A5198000AF8E74 /* SPAuthentication.storyboard in Resources */ = {isa = PBXBuildFile; fileRef = 042CA0E121A5198000AF8E74 /* SPAuthentication.storyboard */; };
		042CA0E421A5198D00AF8E74 /* SPSplash.storyboard in Resources */ = {isa = PBXBuildFile; fileRef = 042CA0E321A5198D00AF8E74 /* SPSplash.storyboard */; };
		042CA0E821A51ADB00AF8E74 /* SPNetworkManager.m in Sources */ = {isa = PBXBuildFile; fileRef = 042CA0E721A51ADB00AF8E74 /* SPNetworkManager.m */; };
		042CA0EC21A51B0000AF8E74 /* SPMessageUtility.m in Sources */ = {isa = PBXBuildFile; fileRef = 042CA0EB21A51B0000AF8E74 /* SPMessageUtility.m */; };
		042CA0EE21A51DB900AF8E74 /* SPMain.storyboard in Resources */ = {isa = PBXBuildFile; fileRef = 042CA0ED21A51DB900AF8E74 /* SPMain.storyboard */; };
		042CA0F021A51DF900AF8E74 /* SPCompetitor.storyboard in Resources */ = {isa = PBXBuildFile; fileRef = 042CA0EF21A51DF900AF8E74 /* SPCompetitor.storyboard */; };
		042CA0F221A51E0F00AF8E74 /* SPSKU.storyboard in Resources */ = {isa = PBXBuildFile; fileRef = 042CA0F121A51E0F00AF8E74 /* SPSKU.storyboard */; };
		042CA0F421A51E7000AF8E74 /* SPAttendanceOverview.storyboard in Resources */ = {isa = PBXBuildFile; fileRef = 042CA0F321A51E7000AF8E74 /* SPAttendanceOverview.storyboard */; };
		042CA0FA21A51F8E00AF8E74 /* SPSplash.m in Sources */ = {isa = PBXBuildFile; fileRef = 042CA0F921A51F8E00AF8E74 /* SPSplash.m */; };
		042CA0FE21A51FEA00AF8E74 /* SPLogin.m in Sources */ = {isa = PBXBuildFile; fileRef = 042CA0FD21A51FEA00AF8E74 /* SPLogin.m */; };
		042CA10121A55A8F00AF8E74 /* SPReachability.m in Sources */ = {isa = PBXBuildFile; fileRef = 042CA10021A55A8F00AF8E74 /* SPReachability.m */; };
		042CA10D21A79FAA00AF8E74 /* SPMainTabbar.m in Sources */ = {isa = PBXBuildFile; fileRef = 042CA10C21A79FAA00AF8E74 /* SPMainTabbar.m */; };
		042F42E52218B5D500D4CFA9 /* SPMainTakeImageCell.m in Sources */ = {isa = PBXBuildFile; fileRef = 042F42E42218B5D500D4CFA9 /* SPMainTakeImageCell.m */; };
		043E0289220C0D1000CCA20C /* SPCarouselVC.m in Sources */ = {isa = PBXBuildFile; fileRef = 043E0288220C0D1000CCA20C /* SPCarouselVC.m */; };
		043E028E220C0E2D00CCA20C /* imagetwo.png in Resources */ = {isa = PBXBuildFile; fileRef = 043E028B220C0E2D00CCA20C /* imagetwo.png */; };
		043E028F220C0E2D00CCA20C /* imagethree.png in Resources */ = {isa = PBXBuildFile; fileRef = 043E028C220C0E2D00CCA20C /* imagethree.png */; };
		043E0290220C0E2D00CCA20C /* imageone.png in Resources */ = {isa = PBXBuildFile; fileRef = 043E028D220C0E2D00CCA20C /* imageone.png */; };
		043E0295220C0F4A00CCA20C /* SPCarousel.storyboard in Resources */ = {isa = PBXBuildFile; fileRef = 043E0294220C0F4A00CCA20C /* SPCarousel.storyboard */; };
		043E0298220C0F6F00CCA20C /* SPCarouselChild.m in Sources */ = {isa = PBXBuildFile; fileRef = 043E0297220C0F6F00CCA20C /* SPCarouselChild.m */; };
		0490B577220B84140054F854 /* SPSelloutVC.m in Sources */ = {isa = PBXBuildFile; fileRef = 0490B576220B84140054F854 /* SPSelloutVC.m */; };
		0490B57B220B89650054F854 /* SPSKUVC.m in Sources */ = {isa = PBXBuildFile; fileRef = 0490B57A220B89650054F854 /* SPSKUVC.m */; };
		0490B582220B8CB30054F854 /* SPTableSKUVC.m in Sources */ = {isa = PBXBuildFile; fileRef = 0490B581220B8CB30054F854 /* SPTableSKUVC.m */; };
		0490B586220B91CC0054F854 /* SPSkuOverOneCell.m in Sources */ = {isa = PBXBuildFile; fileRef = 0490B585220B91CC0054F854 /* SPSkuOverOneCell.m */; };
		0490B58A220B9D480054F854 /* SPSelloutOverviewVC.m in Sources */ = {isa = PBXBuildFile; fileRef = 0490B589220B9D480054F854 /* SPSelloutOverviewVC.m */; };
		0490B58E220B9D8B0054F854 /* SPSelloutoverCell.m in Sources */ = {isa = PBXBuildFile; fileRef = 0490B58D220B9D8B0054F854 /* SPSelloutoverCell.m */; };
		0490B592220BA0760054F854 /* SPAttendanceOverviewVC.m in Sources */ = {isa = PBXBuildFile; fileRef = 0490B591220BA0760054F854 /* SPAttendanceOverviewVC.m */; };
		0490B596220BA0960054F854 /* SPAttendanceOverCellOne.m in Sources */ = {isa = PBXBuildFile; fileRef = 0490B595220BA0960054F854 /* SPAttendanceOverCellOne.m */; };
		0490B599220BA0AB0054F854 /* SPAttendanceOverviewCellSecond.m in Sources */ = {isa = PBXBuildFile; fileRef = 0490B598220BA0AB0054F854 /* SPAttendanceOverviewCellSecond.m */; };
		0490B59D220BA2760054F854 /* SPCompetitorInfoVC.m in Sources */ = {isa = PBXBuildFile; fileRef = 0490B59C220BA2760054F854 /* SPCompetitorInfoVC.m */; };
		0490B5A2220BA4C00054F854 /* SPWeeklyOfftakeVC.m in Sources */ = {isa = PBXBuildFile; fileRef = 0490B5A1220BA4C00054F854 /* SPWeeklyOfftakeVC.m */; };
		0490B5A5220BA4CE0054F854 /* SPMonthlyOfftakeVC.m in Sources */ = {isa = PBXBuildFile; fileRef = 0490B5A4220BA4CE0054F854 /* SPMonthlyOfftakeVC.m */; };
		0490B5A9220BA5400054F854 /* SPHeaderCellOfftake.m in Sources */ = {isa = PBXBuildFile; fileRef = 0490B5A8220BA5400054F854 /* SPHeaderCellOfftake.m */; };
		0490B5AC220BA5590054F854 /* SPMiddleWeeklyOfftakeCell.m in Sources */ = {isa = PBXBuildFile; fileRef = 0490B5AB220BA5590054F854 /* SPMiddleWeeklyOfftakeCell.m */; };
		0490B5AF220BA5710054F854 /* SPFooterWeeklyOfftakeCell.m in Sources */ = {isa = PBXBuildFile; fileRef = 0490B5AE220BA5710054F854 /* SPFooterWeeklyOfftakeCell.m */; };
		0490B5B3220BA7070054F854 /* SPMonthlyOfftakeCell.m in Sources */ = {isa = PBXBuildFile; fileRef = 0490B5B2220BA7070054F854 /* SPMonthlyOfftakeCell.m */; };
		0490B5B7220BA8040054F854 /* SPQuizVC.m in Sources */ = {isa = PBXBuildFile; fileRef = 0490B5B6220BA8040054F854 /* SPQuizVC.m */; };
		0490B5BB220BA8C20054F854 /* SPAttendanceVC.m in Sources */ = {isa = PBXBuildFile; fileRef = 0490B5BA220BA8C20054F854 /* SPAttendanceVC.m */; };
		04934B732216450D00AB5250 /* SearchStringPickerViewController.m in Sources */ = {isa = PBXBuildFile; fileRef = 04934B6B2216450D00AB5250 /* SearchStringPickerViewController.m */; };
		04934B742216450D00AB5250 /* SearchStringPickerViewController.xib in Resources */ = {isa = PBXBuildFile; fileRef = 04934B6C2216450D00AB5250 /* SearchStringPickerViewController.xib */; };
		04934B752216450D00AB5250 /* NSString+SearchablePicker.m in Sources */ = {isa = PBXBuildFile; fileRef = 04934B6D2216450D00AB5250 /* NSString+SearchablePicker.m */; };
		04934B762216450D00AB5250 /* UIImage+SearchablePicker.m in Sources */ = {isa = PBXBuildFile; fileRef = 04934B6E2216450D00AB5250 /* UIImage+SearchablePicker.m */; };
		04EBBCD221F70A9B00B26B44 /* SPUploadVC.m in Sources */ = {isa = PBXBuildFile; fileRef = 04EBBCD121F70A9B00B26B44 /* SPUploadVC.m */; };
		04EBBCD621F7143F00B26B44 /* SPUploadCell.m in Sources */ = {isa = PBXBuildFile; fileRef = 04EBBCD521F7143F00B26B44 /* SPUploadCell.m */; };
		04EBBCDA21F7173000B26B44 /* SPProfileVC.m in Sources */ = {isa = PBXBuildFile; fileRef = 04EBBCD921F7173000B26B44 /* SPProfileVC.m */; };
		04EBBCDF21F7175500B26B44 /* SPProfileCell.m in Sources */ = {isa = PBXBuildFile; fileRef = 04EBBCDE21F7175500B26B44 /* SPProfileCell.m */; };
		04EBBD0721F76E0200B26B44 /* SPFeedbackVC.m in Sources */ = {isa = PBXBuildFile; fileRef = 04EBBD0621F76E0200B26B44 /* SPFeedbackVC.m */; };
		04EBBD0A21F84AE000B26B44 /* SPTimeHelper.m in Sources */ = {isa = PBXBuildFile; fileRef = 04EBBD0921F84AE000B26B44 /* SPTimeHelper.m */; };
		04EBBD0D21F862D700B26B44 /* SPUtility.m in Sources */ = {isa = PBXBuildFile; fileRef = 04EBBD0C21F862D700B26B44 /* SPUtility.m */; };
		04EE4D7921F48A3D002D07DF /* SPHomeMenuCell.m in Sources */ = {isa = PBXBuildFile; fileRef = 04EE4D7821F48A3D002D07DF /* SPHomeMenuCell.m */; };
		04F71C7B21D37A9A00C5068A /* SPHomeVC.m in Sources */ = {isa = PBXBuildFile; fileRef = 04F71C7A21D37A9A00C5068A /* SPHomeVC.m */; };
		1F59C8ECF1CD2D786AA1A277 /* Pods_SapphireProject.framework in Frameworks */ = {isa = PBXBuildFile; fileRef = 240C74BD607467C3DD6AE968 /* Pods_SapphireProject.framework */; };
		8422417821A617F40022AB75 /* Montserrat-Bold.otf in Resources */ = {isa = PBXBuildFile; fileRef = 843B6E6E21A5695D003593BF /* Montserrat-Bold.otf */; };
		8422417921A617F40022AB75 /* Montserrat-Regular.otf in Resources */ = {isa = PBXBuildFile; fileRef = 843B6E6D21A5695D003593BF /* Montserrat-Regular.otf */; };
		842CAA5121D614EE00B7CFF9 /* SPOffTake-Weekly.storyboard in Resources */ = {isa = PBXBuildFile; fileRef = 842CAA5021D614EE00B7CFF9 /* SPOffTake-Weekly.storyboard */; };
		845411A221AEAC3600DE8DA8 /* SPRoundView.swift in Sources */ = {isa = PBXBuildFile; fileRef = 845411A121AEAC3600DE8DA8 /* SPRoundView.swift */; };
		845411A421AEAD0D00DE8DA8 /* RoundingMode.swift in Sources */ = {isa = PBXBuildFile; fileRef = 845411A321AEAD0D00DE8DA8 /* RoundingMode.swift */; };
		845411A621AEE42F00DE8DA8 /* SPHomePromoCell.xib in Resources */ = {isa = PBXBuildFile; fileRef = 845411A521AEE42F00DE8DA8 /* SPHomePromoCell.xib */; };
		845411A821AF0B9800DE8DA8 /* SPTabUpload.storyboard in Resources */ = {isa = PBXBuildFile; fileRef = 845411A721AF0B9800DE8DA8 /* SPTabUpload.storyboard */; };
		84727FDF21A9AFE000EDC907 /* SPSellOutOverview.storyboard in Resources */ = {isa = PBXBuildFile; fileRef = 84727FDE21A9AFE000EDC907 /* SPSellOutOverview.storyboard */; };
		84727FE121A9B3F000EDC907 /* SPSKUOverview.storyboard in Resources */ = {isa = PBXBuildFile; fileRef = 84727FE021A9B3F000EDC907 /* SPSKUOverview.storyboard */; };
		84727FE321A9B4FF00EDC907 /* SPTabAttendance.storyboard in Resources */ = {isa = PBXBuildFile; fileRef = 84727FE221A9B4FF00EDC907 /* SPTabAttendance.storyboard */; };
		84869CA321B01F9A00B19623 /* SPTabProfile.storyboard in Resources */ = {isa = PBXBuildFile; fileRef = 84869CA221B01F9A00B19623 /* SPTabProfile.storyboard */; };
		84C51B8221DBBF9F0048AFF9 /* SPQuiz.storyboard in Resources */ = {isa = PBXBuildFile; fileRef = 84C51B8121DBBF9F0048AFF9 /* SPQuiz.storyboard */; };
		84C6728E21AFE0690063CB63 /* SPFeedback.storyboard in Resources */ = {isa = PBXBuildFile; fileRef = 84C6728D21AFE0690063CB63 /* SPFeedback.storyboard */; };
		84CA659C21D789E0003CA458 /* SPOffTake-Monthly.storyboard in Resources */ = {isa = PBXBuildFile; fileRef = 84CA659B21D789E0003CA458 /* SPOffTake-Monthly.storyboard */; };
		84CC670021AD8BC300DC3C9F /* SPTabHome.storyboard in Resources */ = {isa = PBXBuildFile; fileRef = 84CC66FF21AD8BC300DC3C9F /* SPTabHome.storyboard */; };
		84FCFF2321A7D2110037F0A9 /* SPMainTab.swift in Sources */ = {isa = PBXBuildFile; fileRef = 84FCFF2221A7D2110037F0A9 /* SPMainTab.swift */; };
		84FCFF2921A8276E0037F0A9 /* SPSellOut.storyboard in Resources */ = {isa = PBXBuildFile; fileRef = 84FCFF2821A8276E0037F0A9 /* SPSellOut.storyboard */; };
		84FCFF2E21A84CBB0037F0A9 /* JVFloatLabeledTextView.m in Sources */ = {isa = PBXBuildFile; fileRef = 84FCFF2A21A84CBA0037F0A9 /* JVFloatLabeledTextView.m */; };
		84FCFF2F21A84CBB0037F0A9 /* JVFloatLabeledTextField.m in Sources */ = {isa = PBXBuildFile; fileRef = 84FCFF2D21A84CBB0037F0A9 /* JVFloatLabeledTextField.m */; };
		84FCFF3221A84CEE0037F0A9 /* NSString+TextDirectionality.m in Sources */ = {isa = PBXBuildFile; fileRef = 84FCFF3021A84CEE0037F0A9 /* NSString+TextDirectionality.m */; };
		D2C46621665588F2112EB34E /* Pods_SapphireProjectUITests.framework in Frameworks */ = {isa = PBXBuildFile; fileRef = 21216777675D63E330508CCD /* Pods_SapphireProjectUITests.framework */; };
		FC484965EABA76293F8BC26D /* Pods_SapphireProjectTests.framework in Frameworks */ = {isa = PBXBuildFile; fileRef = 0E59184FED3B11FCC5DA0ABD /* Pods_SapphireProjectTests.framework */; };
/* End PBXBuildFile section */

/* Begin PBXContainerItemProxy section */
		042CA0BD21A4F19800AF8E74 /* PBXContainerItemProxy */ = {
			isa = PBXContainerItemProxy;
			containerPortal = 042CA09921A4F19500AF8E74 /* Project object */;
			proxyType = 1;
			remoteGlobalIDString = 042CA0A021A4F19500AF8E74;
			remoteInfo = SapphireProject;
		};
		042CA0C821A4F19800AF8E74 /* PBXContainerItemProxy */ = {
			isa = PBXContainerItemProxy;
			containerPortal = 042CA09921A4F19500AF8E74 /* Project object */;
			proxyType = 1;
			remoteGlobalIDString = 042CA0A021A4F19500AF8E74;
			remoteInfo = SapphireProject;
		};
/* End PBXContainerItemProxy section */

/* Begin PBXFileReference section */
		042CA0A121A4F19500AF8E74 /* SapphireProject.app */ = {isa = PBXFileReference; explicitFileType = wrapper.application; includeInIndex = 0; path = SapphireProject.app; sourceTree = BUILT_PRODUCTS_DIR; };
		042CA0A421A4F19500AF8E74 /* AppDelegate.h */ = {isa = PBXFileReference; lastKnownFileType = sourcecode.c.h; path = AppDelegate.h; sourceTree = "<group>"; };
		042CA0A521A4F19500AF8E74 /* AppDelegate.m */ = {isa = PBXFileReference; lastKnownFileType = sourcecode.c.objc; path = AppDelegate.m; sourceTree = "<group>"; };
		042CA0AE21A4F19500AF8E74 /* SapphireProject.xcdatamodel */ = {isa = PBXFileReference; lastKnownFileType = wrapper.xcdatamodel; path = SapphireProject.xcdatamodel; sourceTree = "<group>"; };
		042CA0B021A4F19800AF8E74 /* Assets.xcassets */ = {isa = PBXFileReference; lastKnownFileType = folder.assetcatalog; path = Assets.xcassets; sourceTree = "<group>"; };
		042CA0B521A4F19800AF8E74 /* Info.plist */ = {isa = PBXFileReference; lastKnownFileType = text.plist.xml; path = Info.plist; sourceTree = "<group>"; };
		042CA0B621A4F19800AF8E74 /* main.m */ = {isa = PBXFileReference; lastKnownFileType = sourcecode.c.objc; path = main.m; sourceTree = "<group>"; };
		042CA0BC21A4F19800AF8E74 /* SapphireProjectTests.xctest */ = {isa = PBXFileReference; explicitFileType = wrapper.cfbundle; includeInIndex = 0; path = SapphireProjectTests.xctest; sourceTree = BUILT_PRODUCTS_DIR; };
		042CA0C021A4F19800AF8E74 /* SapphireProjectTests.m */ = {isa = PBXFileReference; lastKnownFileType = sourcecode.c.objc; path = SapphireProjectTests.m; sourceTree = "<group>"; };
		042CA0C221A4F19800AF8E74 /* Info.plist */ = {isa = PBXFileReference; lastKnownFileType = text.plist.xml; path = Info.plist; sourceTree = "<group>"; };
		042CA0C721A4F19800AF8E74 /* SapphireProjectUITests.xctest */ = {isa = PBXFileReference; explicitFileType = wrapper.cfbundle; includeInIndex = 0; path = SapphireProjectUITests.xctest; sourceTree = BUILT_PRODUCTS_DIR; };
		042CA0CB21A4F19800AF8E74 /* SapphireProjectUITests.m */ = {isa = PBXFileReference; lastKnownFileType = sourcecode.c.objc; path = SapphireProjectUITests.m; sourceTree = "<group>"; };
		042CA0CD21A4F19800AF8E74 /* Info.plist */ = {isa = PBXFileReference; lastKnownFileType = text.plist.xml; path = Info.plist; sourceTree = "<group>"; };
		042CA0E121A5198000AF8E74 /* SPAuthentication.storyboard */ = {isa = PBXFileReference; lastKnownFileType = file.storyboard; path = SPAuthentication.storyboard; sourceTree = "<group>"; };
		042CA0E321A5198D00AF8E74 /* SPSplash.storyboard */ = {isa = PBXFileReference; lastKnownFileType = file.storyboard; path = SPSplash.storyboard; sourceTree = "<group>"; };
		042CA0E521A51AC200AF8E74 /* SPLibrary.h */ = {isa = PBXFileReference; lastKnownFileType = sourcecode.c.h; path = SPLibrary.h; sourceTree = "<group>"; };
		042CA0E621A51ADB00AF8E74 /* SPNetworkManager.h */ = {isa = PBXFileReference; lastKnownFileType = sourcecode.c.h; path = SPNetworkManager.h; sourceTree = "<group>"; };
		042CA0E721A51ADB00AF8E74 /* SPNetworkManager.m */ = {isa = PBXFileReference; lastKnownFileType = sourcecode.c.objc; path = SPNetworkManager.m; sourceTree = "<group>"; };
		042CA0EA21A51AFF00AF8E74 /* SPMessageUtility.h */ = {isa = PBXFileReference; lastKnownFileType = sourcecode.c.h; path = SPMessageUtility.h; sourceTree = "<group>"; };
		042CA0EB21A51B0000AF8E74 /* SPMessageUtility.m */ = {isa = PBXFileReference; lastKnownFileType = sourcecode.c.objc; path = SPMessageUtility.m; sourceTree = "<group>"; };
		042CA0ED21A51DB900AF8E74 /* SPMain.storyboard */ = {isa = PBXFileReference; lastKnownFileType = file.storyboard; path = SPMain.storyboard; sourceTree = "<group>"; };
		042CA0EF21A51DF900AF8E74 /* SPCompetitor.storyboard */ = {isa = PBXFileReference; lastKnownFileType = file.storyboard; path = SPCompetitor.storyboard; sourceTree = "<group>"; };
		042CA0F121A51E0F00AF8E74 /* SPSKU.storyboard */ = {isa = PBXFileReference; lastKnownFileType = file.storyboard; path = SPSKU.storyboard; sourceTree = "<group>"; };
		042CA0F321A51E7000AF8E74 /* SPAttendanceOverview.storyboard */ = {isa = PBXFileReference; lastKnownFileType = file.storyboard; path = SPAttendanceOverview.storyboard; sourceTree = "<group>"; };
		042CA0F821A51F8E00AF8E74 /* SPSplash.h */ = {isa = PBXFileReference; lastKnownFileType = sourcecode.c.h; path = SPSplash.h; sourceTree = "<group>"; };
		042CA0F921A51F8E00AF8E74 /* SPSplash.m */ = {isa = PBXFileReference; lastKnownFileType = sourcecode.c.objc; path = SPSplash.m; sourceTree = "<group>"; };
		042CA0FC21A51FEA00AF8E74 /* SPLogin.h */ = {isa = PBXFileReference; lastKnownFileType = sourcecode.c.h; path = SPLogin.h; sourceTree = "<group>"; };
		042CA0FD21A51FEA00AF8E74 /* SPLogin.m */ = {isa = PBXFileReference; lastKnownFileType = sourcecode.c.objc; path = SPLogin.m; sourceTree = "<group>"; };
		042CA0FF21A55A8F00AF8E74 /* SPReachability.h */ = {isa = PBXFileReference; lastKnownFileType = sourcecode.c.h; path = SPReachability.h; sourceTree = "<group>"; };
		042CA10021A55A8F00AF8E74 /* SPReachability.m */ = {isa = PBXFileReference; lastKnownFileType = sourcecode.c.objc; path = SPReachability.m; sourceTree = "<group>"; };
		042CA10B21A79FAA00AF8E74 /* SPMainTabbar.h */ = {isa = PBXFileReference; lastKnownFileType = sourcecode.c.h; path = SPMainTabbar.h; sourceTree = "<group>"; };
		042CA10C21A79FAA00AF8E74 /* SPMainTabbar.m */ = {isa = PBXFileReference; lastKnownFileType = sourcecode.c.objc; path = SPMainTabbar.m; sourceTree = "<group>"; };
		042F42DC2218553800D4CFA9 /* SPDataSellout+CoreDataProperties.h */ = {isa = PBXFileReference; lastKnownFileType = sourcecode.c.h; path = "SPDataSellout+CoreDataProperties.h"; sourceTree = "<group>"; };
		042F42DD2218553800D4CFA9 /* SPDataSellout+CoreDataClass.h */ = {isa = PBXFileReference; lastKnownFileType = sourcecode.c.h; path = "SPDataSellout+CoreDataClass.h"; sourceTree = "<group>"; };
		042F42DE2218553800D4CFA9 /* SPDataSellout+CoreDataClass.m */ = {isa = PBXFileReference; lastKnownFileType = sourcecode.c.objc; path = "SPDataSellout+CoreDataClass.m"; sourceTree = "<group>"; };
		042F42DF2218553800D4CFA9 /* SPDataSellout+CoreDataProperties.m */ = {isa = PBXFileReference; lastKnownFileType = sourcecode.c.objc; path = "SPDataSellout+CoreDataProperties.m"; sourceTree = "<group>"; };
		042F42E32218B5D500D4CFA9 /* SPMainTakeImageCell.h */ = {isa = PBXFileReference; lastKnownFileType = sourcecode.c.h; path = SPMainTakeImageCell.h; sourceTree = "<group>"; };
		042F42E42218B5D500D4CFA9 /* SPMainTakeImageCell.m */ = {isa = PBXFileReference; lastKnownFileType = sourcecode.c.objc; path = SPMainTakeImageCell.m; sourceTree = "<group>"; };
		042F42E62218C3E000D4CFA9 /* SPDataFeedBack+CoreDataProperties.h */ = {isa = PBXFileReference; lastKnownFileType = sourcecode.c.h; path = "SPDataFeedBack+CoreDataProperties.h"; sourceTree = "<group>"; };
		042F42E72218C3E000D4CFA9 /* SPDataFeedBack+CoreDataClass.h */ = {isa = PBXFileReference; lastKnownFileType = sourcecode.c.h; path = "SPDataFeedBack+CoreDataClass.h"; sourceTree = "<group>"; };
		042F42E82218C3E000D4CFA9 /* SPDataFeedBack+CoreDataClass.m */ = {isa = PBXFileReference; lastKnownFileType = sourcecode.c.objc; path = "SPDataFeedBack+CoreDataClass.m"; sourceTree = "<group>"; };
		042F42E92218C3E000D4CFA9 /* SPDataFeedBack+CoreDataProperties.m */ = {isa = PBXFileReference; lastKnownFileType = sourcecode.c.objc; path = "SPDataFeedBack+CoreDataProperties.m"; sourceTree = "<group>"; };
		043E0287220C0D1000CCA20C /* SPCarouselVC.h */ = {isa = PBXFileReference; lastKnownFileType = sourcecode.c.h; path = SPCarouselVC.h; sourceTree = "<group>"; };
		043E0288220C0D1000CCA20C /* SPCarouselVC.m */ = {isa = PBXFileReference; lastKnownFileType = sourcecode.c.objc; path = SPCarouselVC.m; sourceTree = "<group>"; };
		043E028B220C0E2D00CCA20C /* imagetwo.png */ = {isa = PBXFileReference; lastKnownFileType = image.png; path = imagetwo.png; sourceTree = "<group>"; };
		043E028C220C0E2D00CCA20C /* imagethree.png */ = {isa = PBXFileReference; lastKnownFileType = image.png; path = imagethree.png; sourceTree = "<group>"; };
		043E028D220C0E2D00CCA20C /* imageone.png */ = {isa = PBXFileReference; lastKnownFileType = image.png; path = imageone.png; sourceTree = "<group>"; };
		043E0294220C0F4A00CCA20C /* SPCarousel.storyboard */ = {isa = PBXFileReference; lastKnownFileType = file.storyboard; path = SPCarousel.storyboard; sourceTree = "<group>"; };
		043E0296220C0F6F00CCA20C /* SPCarouselChild.h */ = {isa = PBXFileReference; lastKnownFileType = sourcecode.c.h; path = SPCarouselChild.h; sourceTree = "<group>"; };
		043E0297220C0F6F00CCA20C /* SPCarouselChild.m */ = {isa = PBXFileReference; lastKnownFileType = sourcecode.c.objc; path = SPCarouselChild.m; sourceTree = "<group>"; };
		0465396121EE107B00A3BF1F /* SPAppConfig+CoreDataProperties.h */ = {isa = PBXFileReference; lastKnownFileType = sourcecode.c.h; path = "SPAppConfig+CoreDataProperties.h"; sourceTree = "<group>"; };
		0465396221EE107B00A3BF1F /* SPAppConfig+CoreDataClass.h */ = {isa = PBXFileReference; lastKnownFileType = sourcecode.c.h; path = "SPAppConfig+CoreDataClass.h"; sourceTree = "<group>"; };
		0465396321EE107B00A3BF1F /* SPAppConfig+CoreDataClass.m */ = {isa = PBXFileReference; lastKnownFileType = sourcecode.c.objc; path = "SPAppConfig+CoreDataClass.m"; sourceTree = "<group>"; };
		0465396421EE107B00A3BF1F /* SPAppConfig+CoreDataProperties.m */ = {isa = PBXFileReference; lastKnownFileType = sourcecode.c.objc; path = "SPAppConfig+CoreDataProperties.m"; sourceTree = "<group>"; };
		0465396521EE107B00A3BF1F /* SPUser+CoreDataProperties.h */ = {isa = PBXFileReference; lastKnownFileType = sourcecode.c.h; path = "SPUser+CoreDataProperties.h"; sourceTree = "<group>"; };
		0465396621EE107B00A3BF1F /* SPUser+CoreDataClass.h */ = {isa = PBXFileReference; lastKnownFileType = sourcecode.c.h; path = "SPUser+CoreDataClass.h"; sourceTree = "<group>"; };
		0465396721EE107B00A3BF1F /* SPUser+CoreDataClass.m */ = {isa = PBXFileReference; lastKnownFileType = sourcecode.c.objc; path = "SPUser+CoreDataClass.m"; sourceTree = "<group>"; };
		0465396821EE107B00A3BF1F /* SPUser+CoreDataProperties.m */ = {isa = PBXFileReference; lastKnownFileType = sourcecode.c.objc; path = "SPUser+CoreDataProperties.m"; sourceTree = "<group>"; };
		0490B575220B84140054F854 /* SPSelloutVC.h */ = {isa = PBXFileReference; lastKnownFileType = sourcecode.c.h; path = SPSelloutVC.h; sourceTree = "<group>"; };
		0490B576220B84140054F854 /* SPSelloutVC.m */ = {isa = PBXFileReference; lastKnownFileType = sourcecode.c.objc; path = SPSelloutVC.m; sourceTree = "<group>"; };
		0490B579220B89650054F854 /* SPSKUVC.h */ = {isa = PBXFileReference; lastKnownFileType = sourcecode.c.h; path = SPSKUVC.h; sourceTree = "<group>"; };
		0490B57A220B89650054F854 /* SPSKUVC.m */ = {isa = PBXFileReference; lastKnownFileType = sourcecode.c.objc; path = SPSKUVC.m; sourceTree = "<group>"; };
		0490B580220B8CB30054F854 /* SPTableSKUVC.h */ = {isa = PBXFileReference; lastKnownFileType = sourcecode.c.h; path = SPTableSKUVC.h; sourceTree = "<group>"; };
		0490B581220B8CB30054F854 /* SPTableSKUVC.m */ = {isa = PBXFileReference; lastKnownFileType = sourcecode.c.objc; path = SPTableSKUVC.m; sourceTree = "<group>"; };
		0490B584220B91CC0054F854 /* SPSkuOverOneCell.h */ = {isa = PBXFileReference; lastKnownFileType = sourcecode.c.h; path = SPSkuOverOneCell.h; sourceTree = "<group>"; };
		0490B585220B91CC0054F854 /* SPSkuOverOneCell.m */ = {isa = PBXFileReference; lastKnownFileType = sourcecode.c.objc; path = SPSkuOverOneCell.m; sourceTree = "<group>"; };
		0490B588220B9D480054F854 /* SPSelloutOverviewVC.h */ = {isa = PBXFileReference; lastKnownFileType = sourcecode.c.h; path = SPSelloutOverviewVC.h; sourceTree = "<group>"; };
		0490B589220B9D480054F854 /* SPSelloutOverviewVC.m */ = {isa = PBXFileReference; lastKnownFileType = sourcecode.c.objc; path = SPSelloutOverviewVC.m; sourceTree = "<group>"; };
		0490B58C220B9D8B0054F854 /* SPSelloutoverCell.h */ = {isa = PBXFileReference; lastKnownFileType = sourcecode.c.h; path = SPSelloutoverCell.h; sourceTree = "<group>"; };
		0490B58D220B9D8B0054F854 /* SPSelloutoverCell.m */ = {isa = PBXFileReference; lastKnownFileType = sourcecode.c.objc; path = SPSelloutoverCell.m; sourceTree = "<group>"; };
		0490B590220BA0760054F854 /* SPAttendanceOverviewVC.h */ = {isa = PBXFileReference; lastKnownFileType = sourcecode.c.h; path = SPAttendanceOverviewVC.h; sourceTree = "<group>"; };
		0490B591220BA0760054F854 /* SPAttendanceOverviewVC.m */ = {isa = PBXFileReference; lastKnownFileType = sourcecode.c.objc; path = SPAttendanceOverviewVC.m; sourceTree = "<group>"; };
		0490B594220BA0960054F854 /* SPAttendanceOverCellOne.h */ = {isa = PBXFileReference; lastKnownFileType = sourcecode.c.h; path = SPAttendanceOverCellOne.h; sourceTree = "<group>"; };
		0490B595220BA0960054F854 /* SPAttendanceOverCellOne.m */ = {isa = PBXFileReference; lastKnownFileType = sourcecode.c.objc; path = SPAttendanceOverCellOne.m; sourceTree = "<group>"; };
		0490B597220BA0AB0054F854 /* SPAttendanceOverviewCellSecond.h */ = {isa = PBXFileReference; lastKnownFileType = sourcecode.c.h; path = SPAttendanceOverviewCellSecond.h; sourceTree = "<group>"; };
		0490B598220BA0AB0054F854 /* SPAttendanceOverviewCellSecond.m */ = {isa = PBXFileReference; lastKnownFileType = sourcecode.c.objc; path = SPAttendanceOverviewCellSecond.m; sourceTree = "<group>"; };
		0490B59B220BA2760054F854 /* SPCompetitorInfoVC.h */ = {isa = PBXFileReference; lastKnownFileType = sourcecode.c.h; path = SPCompetitorInfoVC.h; sourceTree = "<group>"; };
		0490B59C220BA2760054F854 /* SPCompetitorInfoVC.m */ = {isa = PBXFileReference; lastKnownFileType = sourcecode.c.objc; path = SPCompetitorInfoVC.m; sourceTree = "<group>"; };
		0490B5A0220BA4C00054F854 /* SPWeeklyOfftakeVC.h */ = {isa = PBXFileReference; lastKnownFileType = sourcecode.c.h; path = SPWeeklyOfftakeVC.h; sourceTree = "<group>"; };
		0490B5A1220BA4C00054F854 /* SPWeeklyOfftakeVC.m */ = {isa = PBXFileReference; lastKnownFileType = sourcecode.c.objc; path = SPWeeklyOfftakeVC.m; sourceTree = "<group>"; };
		0490B5A3220BA4CE0054F854 /* SPMonthlyOfftakeVC.h */ = {isa = PBXFileReference; lastKnownFileType = sourcecode.c.h; path = SPMonthlyOfftakeVC.h; sourceTree = "<group>"; };
		0490B5A4220BA4CE0054F854 /* SPMonthlyOfftakeVC.m */ = {isa = PBXFileReference; lastKnownFileType = sourcecode.c.objc; path = SPMonthlyOfftakeVC.m; sourceTree = "<group>"; };
		0490B5A7220BA5400054F854 /* SPHeaderCellOfftake.h */ = {isa = PBXFileReference; lastKnownFileType = sourcecode.c.h; path = SPHeaderCellOfftake.h; sourceTree = "<group>"; };
		0490B5A8220BA5400054F854 /* SPHeaderCellOfftake.m */ = {isa = PBXFileReference; lastKnownFileType = sourcecode.c.objc; path = SPHeaderCellOfftake.m; sourceTree = "<group>"; };
		0490B5AA220BA5590054F854 /* SPMiddleWeeklyOfftakeCell.h */ = {isa = PBXFileReference; lastKnownFileType = sourcecode.c.h; path = SPMiddleWeeklyOfftakeCell.h; sourceTree = "<group>"; };
		0490B5AB220BA5590054F854 /* SPMiddleWeeklyOfftakeCell.m */ = {isa = PBXFileReference; lastKnownFileType = sourcecode.c.objc; path = SPMiddleWeeklyOfftakeCell.m; sourceTree = "<group>"; };
		0490B5AD220BA5710054F854 /* SPFooterWeeklyOfftakeCell.h */ = {isa = PBXFileReference; lastKnownFileType = sourcecode.c.h; path = SPFooterWeeklyOfftakeCell.h; sourceTree = "<group>"; };
		0490B5AE220BA5710054F854 /* SPFooterWeeklyOfftakeCell.m */ = {isa = PBXFileReference; lastKnownFileType = sourcecode.c.objc; path = SPFooterWeeklyOfftakeCell.m; sourceTree = "<group>"; };
		0490B5B1220BA7070054F854 /* SPMonthlyOfftakeCell.h */ = {isa = PBXFileReference; lastKnownFileType = sourcecode.c.h; path = SPMonthlyOfftakeCell.h; sourceTree = "<group>"; };
		0490B5B2220BA7070054F854 /* SPMonthlyOfftakeCell.m */ = {isa = PBXFileReference; lastKnownFileType = sourcecode.c.objc; path = SPMonthlyOfftakeCell.m; sourceTree = "<group>"; };
		0490B5B5220BA8040054F854 /* SPQuizVC.h */ = {isa = PBXFileReference; lastKnownFileType = sourcecode.c.h; path = SPQuizVC.h; sourceTree = "<group>"; };
		0490B5B6220BA8040054F854 /* SPQuizVC.m */ = {isa = PBXFileReference; lastKnownFileType = sourcecode.c.objc; path = SPQuizVC.m; sourceTree = "<group>"; };
		0490B5B9220BA8C20054F854 /* SPAttendanceVC.h */ = {isa = PBXFileReference; lastKnownFileType = sourcecode.c.h; path = SPAttendanceVC.h; sourceTree = "<group>"; };
		0490B5BA220BA8C20054F854 /* SPAttendanceVC.m */ = {isa = PBXFileReference; lastKnownFileType = sourcecode.c.objc; path = SPAttendanceVC.m; sourceTree = "<group>"; };
		04934B6B2216450D00AB5250 /* SearchStringPickerViewController.m */ = {isa = PBXFileReference; fileEncoding = 4; lastKnownFileType = sourcecode.c.objc; path = SearchStringPickerViewController.m; sourceTree = "<group>"; };
		04934B6C2216450D00AB5250 /* SearchStringPickerViewController.xib */ = {isa = PBXFileReference; fileEncoding = 4; lastKnownFileType = file.xib; path = SearchStringPickerViewController.xib; sourceTree = "<group>"; };
		04934B6D2216450D00AB5250 /* NSString+SearchablePicker.m */ = {isa = PBXFileReference; fileEncoding = 4; lastKnownFileType = sourcecode.c.objc; path = "NSString+SearchablePicker.m"; sourceTree = "<group>"; };
		04934B6E2216450D00AB5250 /* UIImage+SearchablePicker.m */ = {isa = PBXFileReference; fileEncoding = 4; lastKnownFileType = sourcecode.c.objc; path = "UIImage+SearchablePicker.m"; sourceTree = "<group>"; };
		04934B6F2216450D00AB5250 /* SearchStringPickerViewController.h */ = {isa = PBXFileReference; fileEncoding = 4; lastKnownFileType = sourcecode.c.h; path = SearchStringPickerViewController.h; sourceTree = "<group>"; };
		04934B702216450D00AB5250 /* NSString+SearchablePicker.h */ = {isa = PBXFileReference; fileEncoding = 4; lastKnownFileType = sourcecode.c.h; path = "NSString+SearchablePicker.h"; sourceTree = "<group>"; };
		04934B712216450D00AB5250 /* SearchablePicker-Bridging-Header.h */ = {isa = PBXFileReference; fileEncoding = 4; lastKnownFileType = sourcecode.c.h; path = "SearchablePicker-Bridging-Header.h"; sourceTree = "<group>"; };
		04934B722216450D00AB5250 /* UIImage+SearchablePicker.h */ = {isa = PBXFileReference; fileEncoding = 4; lastKnownFileType = sourcecode.c.h; path = "UIImage+SearchablePicker.h"; sourceTree = "<group>"; };
		04EBBCD021F70A9B00B26B44 /* SPUploadVC.h */ = {isa = PBXFileReference; lastKnownFileType = sourcecode.c.h; path = SPUploadVC.h; sourceTree = "<group>"; };
		04EBBCD121F70A9B00B26B44 /* SPUploadVC.m */ = {isa = PBXFileReference; lastKnownFileType = sourcecode.c.objc; path = SPUploadVC.m; sourceTree = "<group>"; };
		04EBBCD421F7143F00B26B44 /* SPUploadCell.h */ = {isa = PBXFileReference; lastKnownFileType = sourcecode.c.h; path = SPUploadCell.h; sourceTree = "<group>"; };
		04EBBCD521F7143F00B26B44 /* SPUploadCell.m */ = {isa = PBXFileReference; lastKnownFileType = sourcecode.c.objc; path = SPUploadCell.m; sourceTree = "<group>"; };
		04EBBCD821F7173000B26B44 /* SPProfileVC.h */ = {isa = PBXFileReference; lastKnownFileType = sourcecode.c.h; path = SPProfileVC.h; sourceTree = "<group>"; };
		04EBBCD921F7173000B26B44 /* SPProfileVC.m */ = {isa = PBXFileReference; lastKnownFileType = sourcecode.c.objc; path = SPProfileVC.m; sourceTree = "<group>"; };
		04EBBCDD21F7175500B26B44 /* SPProfileCell.h */ = {isa = PBXFileReference; lastKnownFileType = sourcecode.c.h; path = SPProfileCell.h; sourceTree = "<group>"; };
		04EBBCDE21F7175500B26B44 /* SPProfileCell.m */ = {isa = PBXFileReference; lastKnownFileType = sourcecode.c.objc; path = SPProfileCell.m; sourceTree = "<group>"; };
		04EBBCE021F7298C00B26B44 /* SPStore+CoreDataProperties.h */ = {isa = PBXFileReference; lastKnownFileType = sourcecode.c.h; path = "SPStore+CoreDataProperties.h"; sourceTree = "<group>"; };
		04EBBCE121F7298C00B26B44 /* SPStore+CoreDataClass.h */ = {isa = PBXFileReference; lastKnownFileType = sourcecode.c.h; path = "SPStore+CoreDataClass.h"; sourceTree = "<group>"; };
		04EBBCE221F7298C00B26B44 /* SPStore+CoreDataClass.m */ = {isa = PBXFileReference; lastKnownFileType = sourcecode.c.objc; path = "SPStore+CoreDataClass.m"; sourceTree = "<group>"; };
		04EBBCE321F7298C00B26B44 /* SPStore+CoreDataProperties.m */ = {isa = PBXFileReference; lastKnownFileType = sourcecode.c.objc; path = "SPStore+CoreDataProperties.m"; sourceTree = "<group>"; };
		04EBBCE621F72BC400B26B44 /* SPQuizMaster+CoreDataProperties.h */ = {isa = PBXFileReference; lastKnownFileType = sourcecode.c.h; path = "SPQuizMaster+CoreDataProperties.h"; sourceTree = "<group>"; };
		04EBBCE721F72BC400B26B44 /* SPQuizMaster+CoreDataClass.h */ = {isa = PBXFileReference; lastKnownFileType = sourcecode.c.h; path = "SPQuizMaster+CoreDataClass.h"; sourceTree = "<group>"; };
		04EBBCE821F72BC400B26B44 /* SPQuizMaster+CoreDataClass.m */ = {isa = PBXFileReference; lastKnownFileType = sourcecode.c.objc; path = "SPQuizMaster+CoreDataClass.m"; sourceTree = "<group>"; };
		04EBBCE921F72BC400B26B44 /* SPQuizMaster+CoreDataProperties.m */ = {isa = PBXFileReference; lastKnownFileType = sourcecode.c.objc; path = "SPQuizMaster+CoreDataProperties.m"; sourceTree = "<group>"; };
		04EBBCEC21F7592400B26B44 /* SPCategory+CoreDataProperties.h */ = {isa = PBXFileReference; lastKnownFileType = sourcecode.c.h; path = "SPCategory+CoreDataProperties.h"; sourceTree = "<group>"; };
		04EBBCED21F7592400B26B44 /* SPCategory+CoreDataClass.h */ = {isa = PBXFileReference; lastKnownFileType = sourcecode.c.h; path = "SPCategory+CoreDataClass.h"; sourceTree = "<group>"; };
		04EBBCEE21F7592400B26B44 /* SPCategory+CoreDataClass.m */ = {isa = PBXFileReference; lastKnownFileType = sourcecode.c.objc; path = "SPCategory+CoreDataClass.m"; sourceTree = "<group>"; };
		04EBBCEF21F7592400B26B44 /* SPCategory+CoreDataProperties.m */ = {isa = PBXFileReference; lastKnownFileType = sourcecode.c.objc; path = "SPCategory+CoreDataProperties.m"; sourceTree = "<group>"; };
		04EBBCF221F75B6800B26B44 /* SPDealer+CoreDataProperties.h */ = {isa = PBXFileReference; lastKnownFileType = sourcecode.c.h; path = "SPDealer+CoreDataProperties.h"; sourceTree = "<group>"; };
		04EBBCF321F75B6800B26B44 /* SPDealer+CoreDataClass.h */ = {isa = PBXFileReference; lastKnownFileType = sourcecode.c.h; path = "SPDealer+CoreDataClass.h"; sourceTree = "<group>"; };
		04EBBCF421F75B6800B26B44 /* SPDealer+CoreDataClass.m */ = {isa = PBXFileReference; lastKnownFileType = sourcecode.c.objc; path = "SPDealer+CoreDataClass.m"; sourceTree = "<group>"; };
		04EBBCF521F75B6800B26B44 /* SPDealer+CoreDataProperties.m */ = {isa = PBXFileReference; lastKnownFileType = sourcecode.c.objc; path = "SPDealer+CoreDataProperties.m"; sourceTree = "<group>"; };
		04EBBCF821F75C3200B26B44 /* SPCompetitor+CoreDataProperties.h */ = {isa = PBXFileReference; lastKnownFileType = sourcecode.c.h; path = "SPCompetitor+CoreDataProperties.h"; sourceTree = "<group>"; };
		04EBBCF921F75C3200B26B44 /* SPCompetitor+CoreDataClass.h */ = {isa = PBXFileReference; lastKnownFileType = sourcecode.c.h; path = "SPCompetitor+CoreDataClass.h"; sourceTree = "<group>"; };
		04EBBCFA21F75C3200B26B44 /* SPCompetitor+CoreDataClass.m */ = {isa = PBXFileReference; lastKnownFileType = sourcecode.c.objc; path = "SPCompetitor+CoreDataClass.m"; sourceTree = "<group>"; };
		04EBBCFB21F75C3200B26B44 /* SPCompetitor+CoreDataProperties.m */ = {isa = PBXFileReference; lastKnownFileType = sourcecode.c.objc; path = "SPCompetitor+CoreDataProperties.m"; sourceTree = "<group>"; };
		04EBBCFE21F75D8B00B26B44 /* SPProduct+CoreDataProperties.h */ = {isa = PBXFileReference; lastKnownFileType = sourcecode.c.h; path = "SPProduct+CoreDataProperties.h"; sourceTree = "<group>"; };
		04EBBCFF21F75D8B00B26B44 /* SPProduct+CoreDataClass.h */ = {isa = PBXFileReference; lastKnownFileType = sourcecode.c.h; path = "SPProduct+CoreDataClass.h"; sourceTree = "<group>"; };
		04EBBD0021F75D8B00B26B44 /* SPProduct+CoreDataClass.m */ = {isa = PBXFileReference; lastKnownFileType = sourcecode.c.objc; path = "SPProduct+CoreDataClass.m"; sourceTree = "<group>"; };
		04EBBD0121F75D8B00B26B44 /* SPProduct+CoreDataProperties.m */ = {isa = PBXFileReference; lastKnownFileType = sourcecode.c.objc; path = "SPProduct+CoreDataProperties.m"; sourceTree = "<group>"; };
		04EBBD0521F76E0200B26B44 /* SPFeedbackVC.h */ = {isa = PBXFileReference; lastKnownFileType = sourcecode.c.h; path = SPFeedbackVC.h; sourceTree = "<group>"; };
		04EBBD0621F76E0200B26B44 /* SPFeedbackVC.m */ = {isa = PBXFileReference; lastKnownFileType = sourcecode.c.objc; path = SPFeedbackVC.m; sourceTree = "<group>"; };
		04EBBD0821F84AE000B26B44 /* SPTimeHelper.h */ = {isa = PBXFileReference; lastKnownFileType = sourcecode.c.h; path = SPTimeHelper.h; sourceTree = "<group>"; };
		04EBBD0921F84AE000B26B44 /* SPTimeHelper.m */ = {isa = PBXFileReference; lastKnownFileType = sourcecode.c.objc; path = SPTimeHelper.m; sourceTree = "<group>"; };
		04EBBD0B21F862D700B26B44 /* SPUtility.h */ = {isa = PBXFileReference; lastKnownFileType = sourcecode.c.h; path = SPUtility.h; sourceTree = "<group>"; };
		04EBBD0C21F862D700B26B44 /* SPUtility.m */ = {isa = PBXFileReference; lastKnownFileType = sourcecode.c.objc; path = SPUtility.m; sourceTree = "<group>"; };
		04EE4D7721F48A3D002D07DF /* SPHomeMenuCell.h */ = {isa = PBXFileReference; lastKnownFileType = sourcecode.c.h; path = SPHomeMenuCell.h; sourceTree = "<group>"; };
		04EE4D7821F48A3D002D07DF /* SPHomeMenuCell.m */ = {isa = PBXFileReference; lastKnownFileType = sourcecode.c.objc; path = SPHomeMenuCell.m; sourceTree = "<group>"; };
		04F71C7921D37A9A00C5068A /* SPHomeVC.h */ = {isa = PBXFileReference; lastKnownFileType = sourcecode.c.h; path = SPHomeVC.h; sourceTree = "<group>"; };
		04F71C7A21D37A9A00C5068A /* SPHomeVC.m */ = {isa = PBXFileReference; lastKnownFileType = sourcecode.c.objc; path = SPHomeVC.m; sourceTree = "<group>"; };
		0E59184FED3B11FCC5DA0ABD /* Pods_SapphireProjectTests.framework */ = {isa = PBXFileReference; explicitFileType = wrapper.framework; includeInIndex = 0; path = Pods_SapphireProjectTests.framework; sourceTree = BUILT_PRODUCTS_DIR; };
		21216777675D63E330508CCD /* Pods_SapphireProjectUITests.framework */ = {isa = PBXFileReference; explicitFileType = wrapper.framework; includeInIndex = 0; path = Pods_SapphireProjectUITests.framework; sourceTree = BUILT_PRODUCTS_DIR; };
		240C74BD607467C3DD6AE968 /* Pods_SapphireProject.framework */ = {isa = PBXFileReference; explicitFileType = wrapper.framework; includeInIndex = 0; path = Pods_SapphireProject.framework; sourceTree = BUILT_PRODUCTS_DIR; };
		842CAA5021D614EE00B7CFF9 /* SPOffTake-Weekly.storyboard */ = {isa = PBXFileReference; lastKnownFileType = file.storyboard; path = "SPOffTake-Weekly.storyboard"; sourceTree = "<group>"; };
		843B6E6D21A5695D003593BF /* Montserrat-Regular.otf */ = {isa = PBXFileReference; lastKnownFileType = file; path = "Montserrat-Regular.otf"; sourceTree = "<group>"; };
		843B6E6E21A5695D003593BF /* Montserrat-Bold.otf */ = {isa = PBXFileReference; lastKnownFileType = file; path = "Montserrat-Bold.otf"; sourceTree = "<group>"; };
		845411A121AEAC3600DE8DA8 /* SPRoundView.swift */ = {isa = PBXFileReference; lastKnownFileType = sourcecode.swift; path = SPRoundView.swift; sourceTree = "<group>"; };
		845411A321AEAD0D00DE8DA8 /* RoundingMode.swift */ = {isa = PBXFileReference; lastKnownFileType = sourcecode.swift; path = RoundingMode.swift; sourceTree = "<group>"; };
		845411A521AEE42F00DE8DA8 /* SPHomePromoCell.xib */ = {isa = PBXFileReference; lastKnownFileType = file.xib; path = SPHomePromoCell.xib; sourceTree = "<group>"; };
		845411A721AF0B9800DE8DA8 /* SPTabUpload.storyboard */ = {isa = PBXFileReference; lastKnownFileType = file.storyboard; path = SPTabUpload.storyboard; sourceTree = "<group>"; };
		84727FDE21A9AFE000EDC907 /* SPSellOutOverview.storyboard */ = {isa = PBXFileReference; lastKnownFileType = file.storyboard; path = SPSellOutOverview.storyboard; sourceTree = "<group>"; };
		84727FE021A9B3F000EDC907 /* SPSKUOverview.storyboard */ = {isa = PBXFileReference; lastKnownFileType = file.storyboard; path = SPSKUOverview.storyboard; sourceTree = "<group>"; };
		84727FE221A9B4FF00EDC907 /* SPTabAttendance.storyboard */ = {isa = PBXFileReference; lastKnownFileType = file.storyboard; path = SPTabAttendance.storyboard; sourceTree = "<group>"; };
		84869CA221B01F9A00B19623 /* SPTabProfile.storyboard */ = {isa = PBXFileReference; lastKnownFileType = file.storyboard; path = SPTabProfile.storyboard; sourceTree = "<group>"; };
		848A7D762212C92F0005293B /* SPTabAttendance-v2.storyboard */ = {isa = PBXFileReference; lastKnownFileType = file.storyboard; path = "SPTabAttendance-v2.storyboard"; sourceTree = "<group>"; };
		84C51B8121DBBF9F0048AFF9 /* SPQuiz.storyboard */ = {isa = PBXFileReference; lastKnownFileType = file.storyboard; path = SPQuiz.storyboard; sourceTree = "<group>"; };
		84C6728D21AFE0690063CB63 /* SPFeedback.storyboard */ = {isa = PBXFileReference; lastKnownFileType = file.storyboard; path = SPFeedback.storyboard; sourceTree = "<group>"; };
		84CA659B21D789E0003CA458 /* SPOffTake-Monthly.storyboard */ = {isa = PBXFileReference; lastKnownFileType = file.storyboard; path = "SPOffTake-Monthly.storyboard"; sourceTree = "<group>"; };
		84CC66FF21AD8BC300DC3C9F /* SPTabHome.storyboard */ = {isa = PBXFileReference; lastKnownFileType = file.storyboard; path = SPTabHome.storyboard; sourceTree = "<group>"; };
		84E3C5F72215AB9D00CECFBC /* SPSKU-v2.storyboard */ = {isa = PBXFileReference; lastKnownFileType = file.storyboard; path = "SPSKU-v2.storyboard"; sourceTree = "<group>"; };
		84FCFF2121A7D2100037F0A9 /* SapphireProject-Bridging-Header.h */ = {isa = PBXFileReference; lastKnownFileType = sourcecode.c.h; path = "SapphireProject-Bridging-Header.h"; sourceTree = "<group>"; };
		84FCFF2221A7D2110037F0A9 /* SPMainTab.swift */ = {isa = PBXFileReference; lastKnownFileType = sourcecode.swift; path = SPMainTab.swift; sourceTree = "<group>"; };
		84FCFF2821A8276E0037F0A9 /* SPSellOut.storyboard */ = {isa = PBXFileReference; lastKnownFileType = file.storyboard; path = SPSellOut.storyboard; sourceTree = "<group>"; };
		84FCFF2A21A84CBA0037F0A9 /* JVFloatLabeledTextView.m */ = {isa = PBXFileReference; fileEncoding = 4; lastKnownFileType = sourcecode.c.objc; path = JVFloatLabeledTextView.m; sourceTree = "<group>"; };
		84FCFF2B21A84CBA0037F0A9 /* JVFloatLabeledTextView.h */ = {isa = PBXFileReference; fileEncoding = 4; lastKnownFileType = sourcecode.c.h; path = JVFloatLabeledTextView.h; sourceTree = "<group>"; };
		84FCFF2C21A84CBB0037F0A9 /* JVFloatLabeledTextField.h */ = {isa = PBXFileReference; fileEncoding = 4; lastKnownFileType = sourcecode.c.h; path = JVFloatLabeledTextField.h; sourceTree = "<group>"; };
		84FCFF2D21A84CBB0037F0A9 /* JVFloatLabeledTextField.m */ = {isa = PBXFileReference; fileEncoding = 4; lastKnownFileType = sourcecode.c.objc; path = JVFloatLabeledTextField.m; sourceTree = "<group>"; };
		84FCFF3021A84CEE0037F0A9 /* NSString+TextDirectionality.m */ = {isa = PBXFileReference; fileEncoding = 4; lastKnownFileType = sourcecode.c.objc; path = "NSString+TextDirectionality.m"; sourceTree = "<group>"; };
		84FCFF3121A84CEE0037F0A9 /* NSString+TextDirectionality.h */ = {isa = PBXFileReference; fileEncoding = 4; lastKnownFileType = sourcecode.c.h; path = "NSString+TextDirectionality.h"; sourceTree = "<group>"; };
		9B7C0FE9487E1FCE67FB66DC /* Pods-SapphireProject.release.xcconfig */ = {isa = PBXFileReference; includeInIndex = 1; lastKnownFileType = text.xcconfig; name = "Pods-SapphireProject.release.xcconfig"; path = "Pods/Target Support Files/Pods-SapphireProject/Pods-SapphireProject.release.xcconfig"; sourceTree = "<group>"; };
		D3AE6AC5CE1B4FD92FABCF3F /* Pods-SapphireProjectUITests.release.xcconfig */ = {isa = PBXFileReference; includeInIndex = 1; lastKnownFileType = text.xcconfig; name = "Pods-SapphireProjectUITests.release.xcconfig"; path = "Pods/Target Support Files/Pods-SapphireProjectUITests/Pods-SapphireProjectUITests.release.xcconfig"; sourceTree = "<group>"; };
		EE86CCECC15B319EBE7312B0 /* Pods-SapphireProjectUITests.debug.xcconfig */ = {isa = PBXFileReference; includeInIndex = 1; lastKnownFileType = text.xcconfig; name = "Pods-SapphireProjectUITests.debug.xcconfig"; path = "Pods/Target Support Files/Pods-SapphireProjectUITests/Pods-SapphireProjectUITests.debug.xcconfig"; sourceTree = "<group>"; };
		EF7A296A4E1A52807198C853 /* Pods-SapphireProjectTests.debug.xcconfig */ = {isa = PBXFileReference; includeInIndex = 1; lastKnownFileType = text.xcconfig; name = "Pods-SapphireProjectTests.debug.xcconfig"; path = "Pods/Target Support Files/Pods-SapphireProjectTests/Pods-SapphireProjectTests.debug.xcconfig"; sourceTree = "<group>"; };
		F87BA111503A9D2E1D248118 /* Pods-SapphireProject.debug.xcconfig */ = {isa = PBXFileReference; includeInIndex = 1; lastKnownFileType = text.xcconfig; name = "Pods-SapphireProject.debug.xcconfig"; path = "Pods/Target Support Files/Pods-SapphireProject/Pods-SapphireProject.debug.xcconfig"; sourceTree = "<group>"; };
		FCC986E9EA4223F17A46A71C /* Pods-SapphireProjectTests.release.xcconfig */ = {isa = PBXFileReference; includeInIndex = 1; lastKnownFileType = text.xcconfig; name = "Pods-SapphireProjectTests.release.xcconfig"; path = "Pods/Target Support Files/Pods-SapphireProjectTests/Pods-SapphireProjectTests.release.xcconfig"; sourceTree = "<group>"; };
/* End PBXFileReference section */

/* Begin PBXFrameworksBuildPhase section */
		042CA09E21A4F19500AF8E74 /* Frameworks */ = {
			isa = PBXFrameworksBuildPhase;
			buildActionMask = 2147483647;
			files = (
				1F59C8ECF1CD2D786AA1A277 /* Pods_SapphireProject.framework in Frameworks */,
			);
			runOnlyForDeploymentPostprocessing = 0;
		};
		042CA0B921A4F19800AF8E74 /* Frameworks */ = {
			isa = PBXFrameworksBuildPhase;
			buildActionMask = 2147483647;
			files = (
				FC484965EABA76293F8BC26D /* Pods_SapphireProjectTests.framework in Frameworks */,
			);
			runOnlyForDeploymentPostprocessing = 0;
		};
		042CA0C421A4F19800AF8E74 /* Frameworks */ = {
			isa = PBXFrameworksBuildPhase;
			buildActionMask = 2147483647;
			files = (
				D2C46621665588F2112EB34E /* Pods_SapphireProjectUITests.framework in Frameworks */,
			);
			runOnlyForDeploymentPostprocessing = 0;
		};
/* End PBXFrameworksBuildPhase section */

/* Begin PBXGroup section */
		0419FF2D21F61F1600C8CA30 /* upload */ = {
			isa = PBXGroup;
			children = (
				04EBBCD321F70CA800B26B44 /* cell */,
				04EBBCD021F70A9B00B26B44 /* SPUploadVC.h */,
				04EBBCD121F70A9B00B26B44 /* SPUploadVC.m */,
			);
			path = upload;
			sourceTree = "<group>";
		};
		042CA09821A4F19500AF8E74 = {
			isa = PBXGroup;
			children = (
				042CA0A321A4F19500AF8E74 /* SapphireProject */,
				042CA0BF21A4F19800AF8E74 /* SapphireProjectTests */,
				042CA0CA21A4F19800AF8E74 /* SapphireProjectUITests */,
				042CA0A221A4F19500AF8E74 /* Products */,
				31495CE6020427F95E876E8B /* Pods */,
				16EE95EDFD4CDF92DA045A5F /* Frameworks */,
			);
			sourceTree = "<group>";
		};
		042CA0A221A4F19500AF8E74 /* Products */ = {
			isa = PBXGroup;
			children = (
				042CA0A121A4F19500AF8E74 /* SapphireProject.app */,
				042CA0BC21A4F19800AF8E74 /* SapphireProjectTests.xctest */,
				042CA0C721A4F19800AF8E74 /* SapphireProjectUITests.xctest */,
			);
			name = Products;
			sourceTree = "<group>";
		};
		042CA0A321A4F19500AF8E74 /* SapphireProject */ = {
			isa = PBXGroup;
			children = (
				04934B6A2216450D00AB5250 /* SearchablePicker */,
				043E028A220C0E1D00CCA20C /* imageasset */,
				84FCFF2021A7D1E50037F0A9 /* custom */,
				843B6E6C21A56929003593BF /* font */,
				042CA0E921A51AE700AF8E74 /* helper */,
				042CA0DC21A4FC4100AF8E74 /* services */,
				042CA0DB21A4FA1200AF8E74 /* view */,
				042CA0DA21A4FA0C00AF8E74 /* controller */,
				042CA0D921A4FA0200AF8E74 /* model */,
				042CA0A421A4F19500AF8E74 /* AppDelegate.h */,
				042CA0A521A4F19500AF8E74 /* AppDelegate.m */,
				042CA0B021A4F19800AF8E74 /* Assets.xcassets */,
				042CA0B521A4F19800AF8E74 /* Info.plist */,
				042CA0B621A4F19800AF8E74 /* main.m */,
			);
			path = SapphireProject;
			sourceTree = "<group>";
		};
		042CA0BF21A4F19800AF8E74 /* SapphireProjectTests */ = {
			isa = PBXGroup;
			children = (
				042CA0C021A4F19800AF8E74 /* SapphireProjectTests.m */,
				042CA0C221A4F19800AF8E74 /* Info.plist */,
			);
			path = SapphireProjectTests;
			sourceTree = "<group>";
		};
		042CA0CA21A4F19800AF8E74 /* SapphireProjectUITests */ = {
			isa = PBXGroup;
			children = (
				042CA0CB21A4F19800AF8E74 /* SapphireProjectUITests.m */,
				042CA0CD21A4F19800AF8E74 /* Info.plist */,
			);
			path = SapphireProjectUITests;
			sourceTree = "<group>";
		};
		042CA0D921A4FA0200AF8E74 /* model */ = {
			isa = PBXGroup;
			children = (
				042F42E62218C3E000D4CFA9 /* SPDataFeedBack+CoreDataProperties.h */,
				042F42E72218C3E000D4CFA9 /* SPDataFeedBack+CoreDataClass.h */,
				042F42E82218C3E000D4CFA9 /* SPDataFeedBack+CoreDataClass.m */,
				042F42E92218C3E000D4CFA9 /* SPDataFeedBack+CoreDataProperties.m */,
				042F42DC2218553800D4CFA9 /* SPDataSellout+CoreDataProperties.h */,
				042F42DD2218553800D4CFA9 /* SPDataSellout+CoreDataClass.h */,
				042F42DE2218553800D4CFA9 /* SPDataSellout+CoreDataClass.m */,
				042F42DF2218553800D4CFA9 /* SPDataSellout+CoreDataProperties.m */,
				04EBBCFE21F75D8B00B26B44 /* SPProduct+CoreDataProperties.h */,
				04EBBCFF21F75D8B00B26B44 /* SPProduct+CoreDataClass.h */,
				04EBBD0021F75D8B00B26B44 /* SPProduct+CoreDataClass.m */,
				04EBBD0121F75D8B00B26B44 /* SPProduct+CoreDataProperties.m */,
				04EBBCF821F75C3200B26B44 /* SPCompetitor+CoreDataProperties.h */,
				04EBBCF921F75C3200B26B44 /* SPCompetitor+CoreDataClass.h */,
				04EBBCFA21F75C3200B26B44 /* SPCompetitor+CoreDataClass.m */,
				04EBBCFB21F75C3200B26B44 /* SPCompetitor+CoreDataProperties.m */,
				04EBBCF221F75B6800B26B44 /* SPDealer+CoreDataProperties.h */,
				04EBBCF321F75B6800B26B44 /* SPDealer+CoreDataClass.h */,
				04EBBCF421F75B6800B26B44 /* SPDealer+CoreDataClass.m */,
				04EBBCF521F75B6800B26B44 /* SPDealer+CoreDataProperties.m */,
				04EBBCEC21F7592400B26B44 /* SPCategory+CoreDataProperties.h */,
				04EBBCED21F7592400B26B44 /* SPCategory+CoreDataClass.h */,
				04EBBCEE21F7592400B26B44 /* SPCategory+CoreDataClass.m */,
				04EBBCEF21F7592400B26B44 /* SPCategory+CoreDataProperties.m */,
				04EBBCE621F72BC400B26B44 /* SPQuizMaster+CoreDataProperties.h */,
				04EBBCE721F72BC400B26B44 /* SPQuizMaster+CoreDataClass.h */,
				04EBBCE821F72BC400B26B44 /* SPQuizMaster+CoreDataClass.m */,
				04EBBCE921F72BC400B26B44 /* SPQuizMaster+CoreDataProperties.m */,
				04EBBCE021F7298C00B26B44 /* SPStore+CoreDataProperties.h */,
				04EBBCE121F7298C00B26B44 /* SPStore+CoreDataClass.h */,
				04EBBCE221F7298C00B26B44 /* SPStore+CoreDataClass.m */,
				04EBBCE321F7298C00B26B44 /* SPStore+CoreDataProperties.m */,
				0465396121EE107B00A3BF1F /* SPAppConfig+CoreDataProperties.h */,
				0465396221EE107B00A3BF1F /* SPAppConfig+CoreDataClass.h */,
				0465396321EE107B00A3BF1F /* SPAppConfig+CoreDataClass.m */,
				0465396421EE107B00A3BF1F /* SPAppConfig+CoreDataProperties.m */,
				0465396521EE107B00A3BF1F /* SPUser+CoreDataProperties.h */,
				0465396621EE107B00A3BF1F /* SPUser+CoreDataClass.h */,
				0465396721EE107B00A3BF1F /* SPUser+CoreDataClass.m */,
				0465396821EE107B00A3BF1F /* SPUser+CoreDataProperties.m */,
				042CA0AD21A4F19500AF8E74 /* SapphireProject.xcdatamodeld */,
			);
			path = model;
			sourceTree = "<group>";
		};
		042CA0DA21A4FA0C00AF8E74 /* controller */ = {
			isa = PBXGroup;
			children = (
				043E0286220C0C7000CCA20C /* pagingvc */,
				0490B5B8220BA8B20054F854 /* attendance */,
				0490B5B4220BA7DE0054F854 /* quiz */,
				0490B59F220BA3A40054F854 /* weeklyofftake */,
				0490B59E220BA39D0054F854 /* monthlyofftake */,
				0490B59A220BA1AF0054F854 /* competitorinfo */,
				0490B58F220B9EBF0054F854 /* attendanceoverview */,
				0490B587220B9D1B0054F854 /* selloutoverview */,
				0490B57C220B8C0D0054F854 /* SKUOverview */,
				0490B578220B894B0054F854 /* sku */,
				0490B574220B800D0054F854 /* sellout */,
				04EBBD0421F76DEE00B26B44 /* feedback */,
				04EBBCD721F7171E00B26B44 /* profile */,
				0419FF2D21F61F1600C8CA30 /* upload */,
				04F71C7821D37A7700C5068A /* home */,
				042CA0F721A51F6000AF8E74 /* main */,
				042CA0F621A51F5700AF8E74 /* auth */,
				042CA0F521A51F5100AF8E74 /* splash */,
			);
			path = controller;
			sourceTree = "<group>";
		};
		042CA0DB21A4FA1200AF8E74 /* view */ = {
			isa = PBXGroup;
			children = (
				042CA0E121A5198000AF8E74 /* SPAuthentication.storyboard */,
				042CA0E321A5198D00AF8E74 /* SPSplash.storyboard */,
				042CA0ED21A51DB900AF8E74 /* SPMain.storyboard */,
				84CC66FF21AD8BC300DC3C9F /* SPTabHome.storyboard */,
				84727FE221A9B4FF00EDC907 /* SPTabAttendance.storyboard */,
				848A7D762212C92F0005293B /* SPTabAttendance-v2.storyboard */,
				845411A721AF0B9800DE8DA8 /* SPTabUpload.storyboard */,
				84869CA221B01F9A00B19623 /* SPTabProfile.storyboard */,
				845411A521AEE42F00DE8DA8 /* SPHomePromoCell.xib */,
				042CA0EF21A51DF900AF8E74 /* SPCompetitor.storyboard */,
				84FCFF2821A8276E0037F0A9 /* SPSellOut.storyboard */,
				842CAA5021D614EE00B7CFF9 /* SPOffTake-Weekly.storyboard */,
				84C51B8121DBBF9F0048AFF9 /* SPQuiz.storyboard */,
				84CA659B21D789E0003CA458 /* SPOffTake-Monthly.storyboard */,
				84727FDE21A9AFE000EDC907 /* SPSellOutOverview.storyboard */,
				042CA0F121A51E0F00AF8E74 /* SPSKU.storyboard */,
				84E3C5F72215AB9D00CECFBC /* SPSKU-v2.storyboard */,
				84727FE021A9B3F000EDC907 /* SPSKUOverview.storyboard */,
				84C6728D21AFE0690063CB63 /* SPFeedback.storyboard */,
				042CA0F321A51E7000AF8E74 /* SPAttendanceOverview.storyboard */,
				043E0294220C0F4A00CCA20C /* SPCarousel.storyboard */,
			);
			path = view;
			sourceTree = "<group>";
		};
		042CA0DC21A4FC4100AF8E74 /* services */ = {
			isa = PBXGroup;
			children = (
				042CA0E521A51AC200AF8E74 /* SPLibrary.h */,
				042CA0E621A51ADB00AF8E74 /* SPNetworkManager.h */,
				042CA0E721A51ADB00AF8E74 /* SPNetworkManager.m */,
			);
			path = services;
			sourceTree = "<group>";
		};
		042CA0E921A51AE700AF8E74 /* helper */ = {
			isa = PBXGroup;
			children = (
				042CA0EA21A51AFF00AF8E74 /* SPMessageUtility.h */,
				042CA0EB21A51B0000AF8E74 /* SPMessageUtility.m */,
				042CA0FF21A55A8F00AF8E74 /* SPReachability.h */,
				042CA10021A55A8F00AF8E74 /* SPReachability.m */,
				04EBBD0821F84AE000B26B44 /* SPTimeHelper.h */,
				04EBBD0921F84AE000B26B44 /* SPTimeHelper.m */,
				04EBBD0B21F862D700B26B44 /* SPUtility.h */,
				04EBBD0C21F862D700B26B44 /* SPUtility.m */,
			);
			path = helper;
			sourceTree = "<group>";
		};
		042CA0F521A51F5100AF8E74 /* splash */ = {
			isa = PBXGroup;
			children = (
				042CA0F821A51F8E00AF8E74 /* SPSplash.h */,
				042CA0F921A51F8E00AF8E74 /* SPSplash.m */,
			);
			path = splash;
			sourceTree = "<group>";
		};
		042CA0F621A51F5700AF8E74 /* auth */ = {
			isa = PBXGroup;
			children = (
				042CA0FB21A51FC200AF8E74 /* login */,
			);
			path = auth;
			sourceTree = "<group>";
		};
		042CA0F721A51F6000AF8E74 /* main */ = {
			isa = PBXGroup;
			children = (
				042CA10A21A79F9100AF8E74 /* tabbar */,
			);
			path = main;
			sourceTree = "<group>";
		};
		042CA0FB21A51FC200AF8E74 /* login */ = {
			isa = PBXGroup;
			children = (
				042CA0FC21A51FEA00AF8E74 /* SPLogin.h */,
				042CA0FD21A51FEA00AF8E74 /* SPLogin.m */,
			);
			path = login;
			sourceTree = "<group>";
		};
		042CA10A21A79F9100AF8E74 /* tabbar */ = {
			isa = PBXGroup;
			children = (
				042CA10B21A79FAA00AF8E74 /* SPMainTabbar.h */,
				042CA10C21A79FAA00AF8E74 /* SPMainTabbar.m */,
			);
			path = tabbar;
			sourceTree = "<group>";
		};
		042F42E22218B5B800D4CFA9 /* collectionImage */ = {
			isa = PBXGroup;
			children = (
				042F42E32218B5D500D4CFA9 /* SPMainTakeImageCell.h */,
				042F42E42218B5D500D4CFA9 /* SPMainTakeImageCell.m */,
			);
			path = collectionImage;
			sourceTree = "<group>";
		};
		043E0286220C0C7000CCA20C /* pagingvc */ = {
			isa = PBXGroup;
			children = (
				043E0287220C0D1000CCA20C /* SPCarouselVC.h */,
				043E0288220C0D1000CCA20C /* SPCarouselVC.m */,
				043E0296220C0F6F00CCA20C /* SPCarouselChild.h */,
				043E0297220C0F6F00CCA20C /* SPCarouselChild.m */,
			);
			path = pagingvc;
			sourceTree = "<group>";
		};
		043E028A220C0E1D00CCA20C /* imageasset */ = {
			isa = PBXGroup;
			children = (
				043E028D220C0E2D00CCA20C /* imageone.png */,
				043E028B220C0E2D00CCA20C /* imagetwo.png */,
				043E028C220C0E2D00CCA20C /* imagethree.png */,
			);
			path = imageasset;
			sourceTree = "<group>";
		};
		0490B574220B800D0054F854 /* sellout */ = {
			isa = PBXGroup;
			children = (
				0490B575220B84140054F854 /* SPSelloutVC.h */,
				0490B576220B84140054F854 /* SPSelloutVC.m */,
			);
			path = sellout;
			sourceTree = "<group>";
		};
		0490B578220B894B0054F854 /* sku */ = {
			isa = PBXGroup;
			children = (
				042F42E22218B5B800D4CFA9 /* collectionImage */,
				0490B579220B89650054F854 /* SPSKUVC.h */,
				0490B57A220B89650054F854 /* SPSKUVC.m */,
			);
			path = sku;
			sourceTree = "<group>";
		};
		0490B57C220B8C0D0054F854 /* SKUOverview */ = {
			isa = PBXGroup;
			children = (
				0490B583220B91B00054F854 /* cell */,
				0490B580220B8CB30054F854 /* SPTableSKUVC.h */,
				0490B581220B8CB30054F854 /* SPTableSKUVC.m */,
			);
			path = SKUOverview;
			sourceTree = "<group>";
		};
		0490B583220B91B00054F854 /* cell */ = {
			isa = PBXGroup;
			children = (
				0490B584220B91CC0054F854 /* SPSkuOverOneCell.h */,
				0490B585220B91CC0054F854 /* SPSkuOverOneCell.m */,
			);
			path = cell;
			sourceTree = "<group>";
		};
		0490B587220B9D1B0054F854 /* selloutoverview */ = {
			isa = PBXGroup;
			children = (
				0490B58B220B9D6F0054F854 /* cell */,
				0490B588220B9D480054F854 /* SPSelloutOverviewVC.h */,
				0490B589220B9D480054F854 /* SPSelloutOverviewVC.m */,
			);
			path = selloutoverview;
			sourceTree = "<group>";
		};
		0490B58B220B9D6F0054F854 /* cell */ = {
			isa = PBXGroup;
			children = (
				0490B58C220B9D8B0054F854 /* SPSelloutoverCell.h */,
				0490B58D220B9D8B0054F854 /* SPSelloutoverCell.m */,
			);
			path = cell;
			sourceTree = "<group>";
		};
		0490B58F220B9EBF0054F854 /* attendanceoverview */ = {
			isa = PBXGroup;
			children = (
				0490B593220BA07A0054F854 /* cell */,
				0490B590220BA0760054F854 /* SPAttendanceOverviewVC.h */,
				0490B591220BA0760054F854 /* SPAttendanceOverviewVC.m */,
			);
			path = attendanceoverview;
			sourceTree = "<group>";
		};
		0490B593220BA07A0054F854 /* cell */ = {
			isa = PBXGroup;
			children = (
				0490B594220BA0960054F854 /* SPAttendanceOverCellOne.h */,
				0490B595220BA0960054F854 /* SPAttendanceOverCellOne.m */,
				0490B597220BA0AB0054F854 /* SPAttendanceOverviewCellSecond.h */,
				0490B598220BA0AB0054F854 /* SPAttendanceOverviewCellSecond.m */,
			);
			path = cell;
			sourceTree = "<group>";
		};
		0490B59A220BA1AF0054F854 /* competitorinfo */ = {
			isa = PBXGroup;
			children = (
				0490B59B220BA2760054F854 /* SPCompetitorInfoVC.h */,
				0490B59C220BA2760054F854 /* SPCompetitorInfoVC.m */,
			);
			path = competitorinfo;
			sourceTree = "<group>";
		};
		0490B59E220BA39D0054F854 /* monthlyofftake */ = {
			isa = PBXGroup;
			children = (
				0490B5B0220BA6B10054F854 /* cell */,
				0490B5A3220BA4CE0054F854 /* SPMonthlyOfftakeVC.h */,
				0490B5A4220BA4CE0054F854 /* SPMonthlyOfftakeVC.m */,
			);
			path = monthlyofftake;
			sourceTree = "<group>";
		};
		0490B59F220BA3A40054F854 /* weeklyofftake */ = {
			isa = PBXGroup;
			children = (
				0490B5A6220BA5260054F854 /* cell */,
				0490B5A0220BA4C00054F854 /* SPWeeklyOfftakeVC.h */,
				0490B5A1220BA4C00054F854 /* SPWeeklyOfftakeVC.m */,
			);
			path = weeklyofftake;
			sourceTree = "<group>";
		};
		0490B5A6220BA5260054F854 /* cell */ = {
			isa = PBXGroup;
			children = (
				0490B5A7220BA5400054F854 /* SPHeaderCellOfftake.h */,
				0490B5A8220BA5400054F854 /* SPHeaderCellOfftake.m */,
				0490B5AA220BA5590054F854 /* SPMiddleWeeklyOfftakeCell.h */,
				0490B5AB220BA5590054F854 /* SPMiddleWeeklyOfftakeCell.m */,
				0490B5AD220BA5710054F854 /* SPFooterWeeklyOfftakeCell.h */,
				0490B5AE220BA5710054F854 /* SPFooterWeeklyOfftakeCell.m */,
			);
			path = cell;
			sourceTree = "<group>";
		};
		0490B5B0220BA6B10054F854 /* cell */ = {
			isa = PBXGroup;
			children = (
				0490B5B1220BA7070054F854 /* SPMonthlyOfftakeCell.h */,
				0490B5B2220BA7070054F854 /* SPMonthlyOfftakeCell.m */,
			);
			path = cell;
			sourceTree = "<group>";
		};
		0490B5B4220BA7DE0054F854 /* quiz */ = {
			isa = PBXGroup;
			children = (
				0490B5B5220BA8040054F854 /* SPQuizVC.h */,
				0490B5B6220BA8040054F854 /* SPQuizVC.m */,
			);
			path = quiz;
			sourceTree = "<group>";
		};
		0490B5B8220BA8B20054F854 /* attendance */ = {
			isa = PBXGroup;
			children = (
				0490B5B9220BA8C20054F854 /* SPAttendanceVC.h */,
				0490B5BA220BA8C20054F854 /* SPAttendanceVC.m */,
			);
			path = attendance;
			sourceTree = "<group>";
		};
		04934B6A2216450D00AB5250 /* SearchablePicker */ = {
			isa = PBXGroup;
			children = (
				04934B6B2216450D00AB5250 /* SearchStringPickerViewController.m */,
				04934B6C2216450D00AB5250 /* SearchStringPickerViewController.xib */,
				04934B6D2216450D00AB5250 /* NSString+SearchablePicker.m */,
				04934B6E2216450D00AB5250 /* UIImage+SearchablePicker.m */,
				04934B6F2216450D00AB5250 /* SearchStringPickerViewController.h */,
				04934B702216450D00AB5250 /* NSString+SearchablePicker.h */,
				04934B712216450D00AB5250 /* SearchablePicker-Bridging-Header.h */,
				04934B722216450D00AB5250 /* UIImage+SearchablePicker.h */,
			);
			path = SearchablePicker;
			sourceTree = "<group>";
		};
		04EBBCD321F70CA800B26B44 /* cell */ = {
			isa = PBXGroup;
			children = (
				04EBBCD421F7143F00B26B44 /* SPUploadCell.h */,
				04EBBCD521F7143F00B26B44 /* SPUploadCell.m */,
			);
			path = cell;
			sourceTree = "<group>";
		};
		04EBBCD721F7171E00B26B44 /* profile */ = {
			isa = PBXGroup;
			children = (
				04EBBCDC21F7174400B26B44 /* cell */,
				04EBBCD821F7173000B26B44 /* SPProfileVC.h */,
				04EBBCD921F7173000B26B44 /* SPProfileVC.m */,
			);
			path = profile;
			sourceTree = "<group>";
		};
		04EBBCDC21F7174400B26B44 /* cell */ = {
			isa = PBXGroup;
			children = (
				04EBBCDD21F7175500B26B44 /* SPProfileCell.h */,
				04EBBCDE21F7175500B26B44 /* SPProfileCell.m */,
			);
			path = cell;
			sourceTree = "<group>";
		};
		04EBBD0421F76DEE00B26B44 /* feedback */ = {
			isa = PBXGroup;
			children = (
				04EBBD0521F76E0200B26B44 /* SPFeedbackVC.h */,
				04EBBD0621F76E0200B26B44 /* SPFeedbackVC.m */,
			);
			path = feedback;
			sourceTree = "<group>";
		};
		04EE4D7621F48654002D07DF /* cellgroup */ = {
			isa = PBXGroup;
			children = (
				04EE4D7721F48A3D002D07DF /* SPHomeMenuCell.h */,
				04EE4D7821F48A3D002D07DF /* SPHomeMenuCell.m */,
			);
			path = cellgroup;
			sourceTree = "<group>";
		};
		04F71C7821D37A7700C5068A /* home */ = {
			isa = PBXGroup;
			children = (
				04EE4D7621F48654002D07DF /* cellgroup */,
				04F71C7921D37A9A00C5068A /* SPHomeVC.h */,
				04F71C7A21D37A9A00C5068A /* SPHomeVC.m */,
			);
			path = home;
			sourceTree = "<group>";
		};
		16EE95EDFD4CDF92DA045A5F /* Frameworks */ = {
			isa = PBXGroup;
			children = (
				240C74BD607467C3DD6AE968 /* Pods_SapphireProject.framework */,
				0E59184FED3B11FCC5DA0ABD /* Pods_SapphireProjectTests.framework */,
				21216777675D63E330508CCD /* Pods_SapphireProjectUITests.framework */,
			);
			name = Frameworks;
			sourceTree = "<group>";
		};
		31495CE6020427F95E876E8B /* Pods */ = {
			isa = PBXGroup;
			children = (
				F87BA111503A9D2E1D248118 /* Pods-SapphireProject.debug.xcconfig */,
				9B7C0FE9487E1FCE67FB66DC /* Pods-SapphireProject.release.xcconfig */,
				EF7A296A4E1A52807198C853 /* Pods-SapphireProjectTests.debug.xcconfig */,
				FCC986E9EA4223F17A46A71C /* Pods-SapphireProjectTests.release.xcconfig */,
				EE86CCECC15B319EBE7312B0 /* Pods-SapphireProjectUITests.debug.xcconfig */,
				D3AE6AC5CE1B4FD92FABCF3F /* Pods-SapphireProjectUITests.release.xcconfig */,
			);
			name = Pods;
			sourceTree = "<group>";
		};
		843B6E6C21A56929003593BF /* font */ = {
			isa = PBXGroup;
			children = (
				843B6E6E21A5695D003593BF /* Montserrat-Bold.otf */,
				843B6E6D21A5695D003593BF /* Montserrat-Regular.otf */,
			);
			path = font;
			sourceTree = "<group>";
		};
		84FCFF2021A7D1E50037F0A9 /* custom */ = {
			isa = PBXGroup;
			children = (
				84FCFF2C21A84CBB0037F0A9 /* JVFloatLabeledTextField.h */,
				84FCFF2D21A84CBB0037F0A9 /* JVFloatLabeledTextField.m */,
				84FCFF2B21A84CBA0037F0A9 /* JVFloatLabeledTextView.h */,
				84FCFF2A21A84CBA0037F0A9 /* JVFloatLabeledTextView.m */,
				84FCFF3121A84CEE0037F0A9 /* NSString+TextDirectionality.h */,
				84FCFF3021A84CEE0037F0A9 /* NSString+TextDirectionality.m */,
				84FCFF2221A7D2110037F0A9 /* SPMainTab.swift */,
				845411A121AEAC3600DE8DA8 /* SPRoundView.swift */,
				845411A321AEAD0D00DE8DA8 /* RoundingMode.swift */,
				84FCFF2121A7D2100037F0A9 /* SapphireProject-Bridging-Header.h */,
			);
			path = custom;
			sourceTree = "<group>";
		};
/* End PBXGroup section */

/* Begin PBXNativeTarget section */
		042CA0A021A4F19500AF8E74 /* SapphireProject */ = {
			isa = PBXNativeTarget;
			buildConfigurationList = 042CA0D021A4F19800AF8E74 /* Build configuration list for PBXNativeTarget "SapphireProject" */;
			buildPhases = (
				BCA420AA24C5B296BFEA5293 /* [CP] Check Pods Manifest.lock */,
				042CA09D21A4F19500AF8E74 /* Sources */,
				042CA09E21A4F19500AF8E74 /* Frameworks */,
				042CA09F21A4F19500AF8E74 /* Resources */,
				25E686C73B96A07138FA5013 /* [CP] Embed Pods Frameworks */,
			);
			buildRules = (
			);
			dependencies = (
			);
			name = SapphireProject;
			productName = SapphireProject;
			productReference = 042CA0A121A4F19500AF8E74 /* SapphireProject.app */;
			productType = "com.apple.product-type.application";
		};
		042CA0BB21A4F19800AF8E74 /* SapphireProjectTests */ = {
			isa = PBXNativeTarget;
			buildConfigurationList = 042CA0D321A4F19800AF8E74 /* Build configuration list for PBXNativeTarget "SapphireProjectTests" */;
			buildPhases = (
				8202A3051AFBB2982D146753 /* [CP] Check Pods Manifest.lock */,
				042CA0B821A4F19800AF8E74 /* Sources */,
				042CA0B921A4F19800AF8E74 /* Frameworks */,
				042CA0BA21A4F19800AF8E74 /* Resources */,
			);
			buildRules = (
			);
			dependencies = (
				042CA0BE21A4F19800AF8E74 /* PBXTargetDependency */,
			);
			name = SapphireProjectTests;
			productName = SapphireProjectTests;
			productReference = 042CA0BC21A4F19800AF8E74 /* SapphireProjectTests.xctest */;
			productType = "com.apple.product-type.bundle.unit-test";
		};
		042CA0C621A4F19800AF8E74 /* SapphireProjectUITests */ = {
			isa = PBXNativeTarget;
			buildConfigurationList = 042CA0D621A4F19800AF8E74 /* Build configuration list for PBXNativeTarget "SapphireProjectUITests" */;
			buildPhases = (
				538EE1E7D68130905369C599 /* [CP] Check Pods Manifest.lock */,
				042CA0C321A4F19800AF8E74 /* Sources */,
				042CA0C421A4F19800AF8E74 /* Frameworks */,
				042CA0C521A4F19800AF8E74 /* Resources */,
			);
			buildRules = (
			);
			dependencies = (
				042CA0C921A4F19800AF8E74 /* PBXTargetDependency */,
			);
			name = SapphireProjectUITests;
			productName = SapphireProjectUITests;
			productReference = 042CA0C721A4F19800AF8E74 /* SapphireProjectUITests.xctest */;
			productType = "com.apple.product-type.bundle.ui-testing";
		};
/* End PBXNativeTarget section */

/* Begin PBXProject section */
		042CA09921A4F19500AF8E74 /* Project object */ = {
			isa = PBXProject;
			attributes = {
				CLASSPREFIX = SP;
				LastUpgradeCheck = 1010;
				ORGANIZATIONNAME = telkom;
				TargetAttributes = {
					042CA0A021A4F19500AF8E74 = {
						CreatedOnToolsVersion = 9.4.1;
						LastSwiftMigration = 1010;
						SystemCapabilities = {
							com.apple.BackgroundModes = {
								enabled = 1;
							};
						};
					};
					042CA0BB21A4F19800AF8E74 = {
						CreatedOnToolsVersion = 9.4.1;
						TestTargetID = 042CA0A021A4F19500AF8E74;
					};
					042CA0C621A4F19800AF8E74 = {
						CreatedOnToolsVersion = 9.4.1;
						TestTargetID = 042CA0A021A4F19500AF8E74;
					};
				};
			};
			buildConfigurationList = 042CA09C21A4F19500AF8E74 /* Build configuration list for PBXProject "SapphireProject" */;
			compatibilityVersion = "Xcode 9.3";
			developmentRegion = en;
			hasScannedForEncodings = 0;
			knownRegions = (
				en,
				Base,
			);
			mainGroup = 042CA09821A4F19500AF8E74;
			productRefGroup = 042CA0A221A4F19500AF8E74 /* Products */;
			projectDirPath = "";
			projectRoot = "";
			targets = (
				042CA0A021A4F19500AF8E74 /* SapphireProject */,
				042CA0BB21A4F19800AF8E74 /* SapphireProjectTests */,
				042CA0C621A4F19800AF8E74 /* SapphireProjectUITests */,
			);
		};
/* End PBXProject section */

/* Begin PBXResourcesBuildPhase section */
		042CA09F21A4F19500AF8E74 /* Resources */ = {
			isa = PBXResourcesBuildPhase;
			buildActionMask = 2147483647;
			files = (
				845411A821AF0B9800DE8DA8 /* SPTabUpload.storyboard in Resources */,
				8422417821A617F40022AB75 /* Montserrat-Bold.otf in Resources */,
				8422417921A617F40022AB75 /* Montserrat-Regular.otf in Resources */,
				042CA0EE21A51DB900AF8E74 /* SPMain.storyboard in Resources */,
				043E028F220C0E2D00CCA20C /* imagethree.png in Resources */,
				042CA0F421A51E7000AF8E74 /* SPAttendanceOverview.storyboard in Resources */,
				84CA659C21D789E0003CA458 /* SPOffTake-Monthly.storyboard in Resources */,
				042CA0F221A51E0F00AF8E74 /* SPSKU.storyboard in Resources */,
				84727FE121A9B3F000EDC907 /* SPSKUOverview.storyboard in Resources */,
				04934B742216450D00AB5250 /* SearchStringPickerViewController.xib in Resources */,
				84FCFF2921A8276E0037F0A9 /* SPSellOut.storyboard in Resources */,
				84C51B8221DBBF9F0048AFF9 /* SPQuiz.storyboard in Resources */,
				84727FE321A9B4FF00EDC907 /* SPTabAttendance.storyboard in Resources */,
				84C6728E21AFE0690063CB63 /* SPFeedback.storyboard in Resources */,
				043E0295220C0F4A00CCA20C /* SPCarousel.storyboard in Resources */,
				84CC670021AD8BC300DC3C9F /* SPTabHome.storyboard in Resources */,
				042CA0B121A4F19800AF8E74 /* Assets.xcassets in Resources */,
				042CA0E421A5198D00AF8E74 /* SPSplash.storyboard in Resources */,
				043E0290220C0E2D00CCA20C /* imageone.png in Resources */,
				84727FDF21A9AFE000EDC907 /* SPSellOutOverview.storyboard in Resources */,
				845411A621AEE42F00DE8DA8 /* SPHomePromoCell.xib in Resources */,
				042CA0E221A5198000AF8E74 /* SPAuthentication.storyboard in Resources */,
				84869CA321B01F9A00B19623 /* SPTabProfile.storyboard in Resources */,
				042CA0F021A51DF900AF8E74 /* SPCompetitor.storyboard in Resources */,
				043E028E220C0E2D00CCA20C /* imagetwo.png in Resources */,
				842CAA5121D614EE00B7CFF9 /* SPOffTake-Weekly.storyboard in Resources */,
			);
			runOnlyForDeploymentPostprocessing = 0;
		};
		042CA0BA21A4F19800AF8E74 /* Resources */ = {
			isa = PBXResourcesBuildPhase;
			buildActionMask = 2147483647;
			files = (
			);
			runOnlyForDeploymentPostprocessing = 0;
		};
		042CA0C521A4F19800AF8E74 /* Resources */ = {
			isa = PBXResourcesBuildPhase;
			buildActionMask = 2147483647;
			files = (
			);
			runOnlyForDeploymentPostprocessing = 0;
		};
/* End PBXResourcesBuildPhase section */

/* Begin PBXShellScriptBuildPhase section */
		25E686C73B96A07138FA5013 /* [CP] Embed Pods Frameworks */ = {
			isa = PBXShellScriptBuildPhase;
			buildActionMask = 2147483647;
			files = (
			);
			inputPaths = (
				"${SRCROOT}/Pods/Target Support Files/Pods-SapphireProject/Pods-SapphireProject-frameworks.sh",
				"${BUILT_PRODUCTS_DIR}/AFNetworking/AFNetworking.framework",
				"${BUILT_PRODUCTS_DIR}/APBanner/APBanner.framework",
				"${BUILT_PRODUCTS_DIR}/DatePickerDialog-ObjC/DatePickerDialog_ObjC.framework",
				"${BUILT_PRODUCTS_DIR}/FDTake/FDTake.framework",
				"${BUILT_PRODUCTS_DIR}/FreakingSimpleRoundImageView/FreakingSimpleRoundImageView.framework",
				"${BUILT_PRODUCTS_DIR}/IQDropDownTextField/IQDropDownTextField.framework",
				"${BUILT_PRODUCTS_DIR}/MBProgressHUD/MBProgressHUD.framework",
				"${BUILT_PRODUCTS_DIR}/MagicalRecord/MagicalRecord.framework",
				"${BUILT_PRODUCTS_DIR}/Result/Result.framework",
				"${BUILT_PRODUCTS_DIR}/SDWebImage/SDWebImage.framework",
				"${BUILT_PRODUCTS_DIR}/TrueTime/TrueTime.framework",
			);
			name = "[CP] Embed Pods Frameworks";
			outputPaths = (
				"${TARGET_BUILD_DIR}/${FRAMEWORKS_FOLDER_PATH}/AFNetworking.framework",
				"${TARGET_BUILD_DIR}/${FRAMEWORKS_FOLDER_PATH}/APBanner.framework",
				"${TARGET_BUILD_DIR}/${FRAMEWORKS_FOLDER_PATH}/DatePickerDialog_ObjC.framework",
				"${TARGET_BUILD_DIR}/${FRAMEWORKS_FOLDER_PATH}/FDTake.framework",
				"${TARGET_BUILD_DIR}/${FRAMEWORKS_FOLDER_PATH}/FreakingSimpleRoundImageView.framework",
				"${TARGET_BUILD_DIR}/${FRAMEWORKS_FOLDER_PATH}/IQDropDownTextField.framework",
				"${TARGET_BUILD_DIR}/${FRAMEWORKS_FOLDER_PATH}/MBProgressHUD.framework",
				"${TARGET_BUILD_DIR}/${FRAMEWORKS_FOLDER_PATH}/MagicalRecord.framework",
				"${TARGET_BUILD_DIR}/${FRAMEWORKS_FOLDER_PATH}/Result.framework",
				"${TARGET_BUILD_DIR}/${FRAMEWORKS_FOLDER_PATH}/SDWebImage.framework",
				"${TARGET_BUILD_DIR}/${FRAMEWORKS_FOLDER_PATH}/TrueTime.framework",
			);
			runOnlyForDeploymentPostprocessing = 0;
			shellPath = /bin/sh;
			shellScript = "\"${SRCROOT}/Pods/Target Support Files/Pods-SapphireProject/Pods-SapphireProject-frameworks.sh\"\n";
			showEnvVarsInLog = 0;
		};
		538EE1E7D68130905369C599 /* [CP] Check Pods Manifest.lock */ = {
			isa = PBXShellScriptBuildPhase;
			buildActionMask = 2147483647;
			files = (
			);
			inputPaths = (
				"${PODS_PODFILE_DIR_PATH}/Podfile.lock",
				"${PODS_ROOT}/Manifest.lock",
			);
			name = "[CP] Check Pods Manifest.lock";
			outputPaths = (
				"$(DERIVED_FILE_DIR)/Pods-SapphireProjectUITests-checkManifestLockResult.txt",
			);
			runOnlyForDeploymentPostprocessing = 0;
			shellPath = /bin/sh;
			shellScript = "diff \"${PODS_PODFILE_DIR_PATH}/Podfile.lock\" \"${PODS_ROOT}/Manifest.lock\" > /dev/null\nif [ $? != 0 ] ; then\n    # print error to STDERR\n    echo \"error: The sandbox is not in sync with the Podfile.lock. Run 'pod install' or update your CocoaPods installation.\" >&2\n    exit 1\nfi\n# This output is used by Xcode 'outputs' to avoid re-running this script phase.\necho \"SUCCESS\" > \"${SCRIPT_OUTPUT_FILE_0}\"\n";
			showEnvVarsInLog = 0;
		};
		8202A3051AFBB2982D146753 /* [CP] Check Pods Manifest.lock */ = {
			isa = PBXShellScriptBuildPhase;
			buildActionMask = 2147483647;
			files = (
			);
			inputPaths = (
				"${PODS_PODFILE_DIR_PATH}/Podfile.lock",
				"${PODS_ROOT}/Manifest.lock",
			);
			name = "[CP] Check Pods Manifest.lock";
			outputPaths = (
				"$(DERIVED_FILE_DIR)/Pods-SapphireProjectTests-checkManifestLockResult.txt",
			);
			runOnlyForDeploymentPostprocessing = 0;
			shellPath = /bin/sh;
			shellScript = "diff \"${PODS_PODFILE_DIR_PATH}/Podfile.lock\" \"${PODS_ROOT}/Manifest.lock\" > /dev/null\nif [ $? != 0 ] ; then\n    # print error to STDERR\n    echo \"error: The sandbox is not in sync with the Podfile.lock. Run 'pod install' or update your CocoaPods installation.\" >&2\n    exit 1\nfi\n# This output is used by Xcode 'outputs' to avoid re-running this script phase.\necho \"SUCCESS\" > \"${SCRIPT_OUTPUT_FILE_0}\"\n";
			showEnvVarsInLog = 0;
		};
		BCA420AA24C5B296BFEA5293 /* [CP] Check Pods Manifest.lock */ = {
			isa = PBXShellScriptBuildPhase;
			buildActionMask = 2147483647;
			files = (
			);
			inputPaths = (
				"${PODS_PODFILE_DIR_PATH}/Podfile.lock",
				"${PODS_ROOT}/Manifest.lock",
			);
			name = "[CP] Check Pods Manifest.lock";
			outputPaths = (
				"$(DERIVED_FILE_DIR)/Pods-SapphireProject-checkManifestLockResult.txt",
			);
			runOnlyForDeploymentPostprocessing = 0;
			shellPath = /bin/sh;
			shellScript = "diff \"${PODS_PODFILE_DIR_PATH}/Podfile.lock\" \"${PODS_ROOT}/Manifest.lock\" > /dev/null\nif [ $? != 0 ] ; then\n    # print error to STDERR\n    echo \"error: The sandbox is not in sync with the Podfile.lock. Run 'pod install' or update your CocoaPods installation.\" >&2\n    exit 1\nfi\n# This output is used by Xcode 'outputs' to avoid re-running this script phase.\necho \"SUCCESS\" > \"${SCRIPT_OUTPUT_FILE_0}\"\n";
			showEnvVarsInLog = 0;
		};
/* End PBXShellScriptBuildPhase section */

/* Begin PBXSourcesBuildPhase section */
		042CA09D21A4F19500AF8E74 /* Sources */ = {
			isa = PBXSourcesBuildPhase;
			buildActionMask = 2147483647;
			files = (
				042F42E52218B5D500D4CFA9 /* SPMainTakeImageCell.m in Sources */,
				84FCFF2F21A84CBB0037F0A9 /* JVFloatLabeledTextField.m in Sources */,
				0490B5AC220BA5590054F854 /* SPMiddleWeeklyOfftakeCell.m in Sources */,
				043E0289220C0D1000CCA20C /* SPCarouselVC.m in Sources */,
				04EBBCDA21F7173000B26B44 /* SPProfileVC.m in Sources */,
				845411A221AEAC3600DE8DA8 /* SPRoundView.swift in Sources */,
				04EBBCD221F70A9B00B26B44 /* SPUploadVC.m in Sources */,
				0490B599220BA0AB0054F854 /* SPAttendanceOverviewCellSecond.m in Sources */,
				0490B596220BA0960054F854 /* SPAttendanceOverCellOne.m in Sources */,
				042CA0AF21A4F19500AF8E74 /* SapphireProject.xcdatamodeld in Sources */,
				84FCFF2E21A84CBB0037F0A9 /* JVFloatLabeledTextView.m in Sources */,
				0490B5AF220BA5710054F854 /* SPFooterWeeklyOfftakeCell.m in Sources */,
				042CA0EC21A51B0000AF8E74 /* SPMessageUtility.m in Sources */,
				04934B732216450D00AB5250 /* SearchStringPickerViewController.m in Sources */,
				0490B58E220B9D8B0054F854 /* SPSelloutoverCell.m in Sources */,
				04EBBD0A21F84AE000B26B44 /* SPTimeHelper.m in Sources */,
				0490B5A2220BA4C00054F854 /* SPWeeklyOfftakeVC.m in Sources */,
				042CA0FE21A51FEA00AF8E74 /* SPLogin.m in Sources */,
				04EBBCD621F7143F00B26B44 /* SPUploadCell.m in Sources */,
				84FCFF3221A84CEE0037F0A9 /* NSString+TextDirectionality.m in Sources */,
				84FCFF2321A7D2110037F0A9 /* SPMainTab.swift in Sources */,
				04EBBCDF21F7175500B26B44 /* SPProfileCell.m in Sources */,
				04934B762216450D00AB5250 /* UIImage+SearchablePicker.m in Sources */,
				0490B586220B91CC0054F854 /* SPSkuOverOneCell.m in Sources */,
				04EBBD0D21F862D700B26B44 /* SPUtility.m in Sources */,
				0490B577220B84140054F854 /* SPSelloutVC.m in Sources */,
				0490B5A5220BA4CE0054F854 /* SPMonthlyOfftakeVC.m in Sources */,
				845411A421AEAD0D00DE8DA8 /* RoundingMode.swift in Sources */,
				042CA0E821A51ADB00AF8E74 /* SPNetworkManager.m in Sources */,
				04F71C7B21D37A9A00C5068A /* SPHomeVC.m in Sources */,
				0490B59D220BA2760054F854 /* SPCompetitorInfoVC.m in Sources */,
				04934B752216450D00AB5250 /* NSString+SearchablePicker.m in Sources */,
				04EE4D7921F48A3D002D07DF /* SPHomeMenuCell.m in Sources */,
				042CA0FA21A51F8E00AF8E74 /* SPSplash.m in Sources */,
				042CA10D21A79FAA00AF8E74 /* SPMainTabbar.m in Sources */,
				04EBBD0721F76E0200B26B44 /* SPFeedbackVC.m in Sources */,
				042CA0B721A4F19800AF8E74 /* main.m in Sources */,
				0490B5B7220BA8040054F854 /* SPQuizVC.m in Sources */,
				0490B57B220B89650054F854 /* SPSKUVC.m in Sources */,
				0490B582220B8CB30054F854 /* SPTableSKUVC.m in Sources */,
				0490B5A9220BA5400054F854 /* SPHeaderCellOfftake.m in Sources */,
				042CA0A621A4F19500AF8E74 /* AppDelegate.m in Sources */,
				0490B58A220B9D480054F854 /* SPSelloutOverviewVC.m in Sources */,
				0490B5BB220BA8C20054F854 /* SPAttendanceVC.m in Sources */,
				0490B592220BA0760054F854 /* SPAttendanceOverviewVC.m in Sources */,
				043E0298220C0F6F00CCA20C /* SPCarouselChild.m in Sources */,
				042CA10121A55A8F00AF8E74 /* SPReachability.m in Sources */,
				0490B5B3220BA7070054F854 /* SPMonthlyOfftakeCell.m in Sources */,
			);
			runOnlyForDeploymentPostprocessing = 0;
		};
		042CA0B821A4F19800AF8E74 /* Sources */ = {
			isa = PBXSourcesBuildPhase;
			buildActionMask = 2147483647;
			files = (
				042CA0C121A4F19800AF8E74 /* SapphireProjectTests.m in Sources */,
			);
			runOnlyForDeploymentPostprocessing = 0;
		};
		042CA0C321A4F19800AF8E74 /* Sources */ = {
			isa = PBXSourcesBuildPhase;
			buildActionMask = 2147483647;
			files = (
				042CA0CC21A4F19800AF8E74 /* SapphireProjectUITests.m in Sources */,
			);
			runOnlyForDeploymentPostprocessing = 0;
		};
/* End PBXSourcesBuildPhase section */

/* Begin PBXTargetDependency section */
		042CA0BE21A4F19800AF8E74 /* PBXTargetDependency */ = {
			isa = PBXTargetDependency;
			target = 042CA0A021A4F19500AF8E74 /* SapphireProject */;
			targetProxy = 042CA0BD21A4F19800AF8E74 /* PBXContainerItemProxy */;
		};
		042CA0C921A4F19800AF8E74 /* PBXTargetDependency */ = {
			isa = PBXTargetDependency;
			target = 042CA0A021A4F19500AF8E74 /* SapphireProject */;
			targetProxy = 042CA0C821A4F19800AF8E74 /* PBXContainerItemProxy */;
		};
/* End PBXTargetDependency section */

/* Begin XCBuildConfiguration section */
		042CA0CE21A4F19800AF8E74 /* Debug */ = {
			isa = XCBuildConfiguration;
			buildSettings = {
				ALWAYS_SEARCH_USER_PATHS = NO;
				CLANG_ANALYZER_NONNULL = YES;
				CLANG_ANALYZER_NUMBER_OBJECT_CONVERSION = YES_AGGRESSIVE;
				CLANG_CXX_LANGUAGE_STANDARD = "gnu++14";
				CLANG_CXX_LIBRARY = "libc++";
				CLANG_ENABLE_MODULES = YES;
				CLANG_ENABLE_OBJC_ARC = YES;
				CLANG_ENABLE_OBJC_WEAK = YES;
				CLANG_WARN_BLOCK_CAPTURE_AUTORELEASING = YES;
				CLANG_WARN_BOOL_CONVERSION = YES;
				CLANG_WARN_COMMA = YES;
				CLANG_WARN_CONSTANT_CONVERSION = YES;
				CLANG_WARN_DEPRECATED_OBJC_IMPLEMENTATIONS = YES;
				CLANG_WARN_DIRECT_OBJC_ISA_USAGE = YES_ERROR;
				CLANG_WARN_DOCUMENTATION_COMMENTS = YES;
				CLANG_WARN_EMPTY_BODY = YES;
				CLANG_WARN_ENUM_CONVERSION = YES;
				CLANG_WARN_INFINITE_RECURSION = YES;
				CLANG_WARN_INT_CONVERSION = YES;
				CLANG_WARN_NON_LITERAL_NULL_CONVERSION = YES;
				CLANG_WARN_OBJC_IMPLICIT_RETAIN_SELF = YES;
				CLANG_WARN_OBJC_LITERAL_CONVERSION = YES;
				CLANG_WARN_OBJC_ROOT_CLASS = YES_ERROR;
				CLANG_WARN_RANGE_LOOP_ANALYSIS = YES;
				CLANG_WARN_STRICT_PROTOTYPES = YES;
				CLANG_WARN_SUSPICIOUS_MOVE = YES;
				CLANG_WARN_UNGUARDED_AVAILABILITY = YES_AGGRESSIVE;
				CLANG_WARN_UNREACHABLE_CODE = YES;
				CLANG_WARN__DUPLICATE_METHOD_MATCH = YES;
				CODE_SIGN_IDENTITY = "iPhone Developer";
				COPY_PHASE_STRIP = NO;
				DEBUG_INFORMATION_FORMAT = dwarf;
				ENABLE_STRICT_OBJC_MSGSEND = YES;
				ENABLE_TESTABILITY = YES;
				GCC_C_LANGUAGE_STANDARD = gnu11;
				GCC_DYNAMIC_NO_PIC = NO;
				GCC_NO_COMMON_BLOCKS = YES;
				GCC_OPTIMIZATION_LEVEL = 0;
				GCC_PREPROCESSOR_DEFINITIONS = (
					"DEBUG=1",
					"$(inherited)",
				);
				GCC_WARN_64_TO_32_BIT_CONVERSION = YES;
				GCC_WARN_ABOUT_RETURN_TYPE = YES_ERROR;
				GCC_WARN_UNDECLARED_SELECTOR = YES;
				GCC_WARN_UNINITIALIZED_AUTOS = YES_AGGRESSIVE;
				GCC_WARN_UNUSED_FUNCTION = YES;
				GCC_WARN_UNUSED_VARIABLE = YES;
				IPHONEOS_DEPLOYMENT_TARGET = 10.0;
				MTL_ENABLE_DEBUG_INFO = YES;
				ONLY_ACTIVE_ARCH = YES;
				SDKROOT = iphoneos;
				SWIFT_OBJC_INTERFACE_HEADER_NAME = "SapphireProject-Swift.h";
				SWIFT_VERSION = 4.2;
			};
			name = Debug;
		};
		042CA0CF21A4F19800AF8E74 /* Release */ = {
			isa = XCBuildConfiguration;
			buildSettings = {
				ALWAYS_SEARCH_USER_PATHS = NO;
				CLANG_ANALYZER_NONNULL = YES;
				CLANG_ANALYZER_NUMBER_OBJECT_CONVERSION = YES_AGGRESSIVE;
				CLANG_CXX_LANGUAGE_STANDARD = "gnu++14";
				CLANG_CXX_LIBRARY = "libc++";
				CLANG_ENABLE_MODULES = YES;
				CLANG_ENABLE_OBJC_ARC = YES;
				CLANG_ENABLE_OBJC_WEAK = YES;
				CLANG_WARN_BLOCK_CAPTURE_AUTORELEASING = YES;
				CLANG_WARN_BOOL_CONVERSION = YES;
				CLANG_WARN_COMMA = YES;
				CLANG_WARN_CONSTANT_CONVERSION = YES;
				CLANG_WARN_DEPRECATED_OBJC_IMPLEMENTATIONS = YES;
				CLANG_WARN_DIRECT_OBJC_ISA_USAGE = YES_ERROR;
				CLANG_WARN_DOCUMENTATION_COMMENTS = YES;
				CLANG_WARN_EMPTY_BODY = YES;
				CLANG_WARN_ENUM_CONVERSION = YES;
				CLANG_WARN_INFINITE_RECURSION = YES;
				CLANG_WARN_INT_CONVERSION = YES;
				CLANG_WARN_NON_LITERAL_NULL_CONVERSION = YES;
				CLANG_WARN_OBJC_IMPLICIT_RETAIN_SELF = YES;
				CLANG_WARN_OBJC_LITERAL_CONVERSION = YES;
				CLANG_WARN_OBJC_ROOT_CLASS = YES_ERROR;
				CLANG_WARN_RANGE_LOOP_ANALYSIS = YES;
				CLANG_WARN_STRICT_PROTOTYPES = YES;
				CLANG_WARN_SUSPICIOUS_MOVE = YES;
				CLANG_WARN_UNGUARDED_AVAILABILITY = YES_AGGRESSIVE;
				CLANG_WARN_UNREACHABLE_CODE = YES;
				CLANG_WARN__DUPLICATE_METHOD_MATCH = YES;
				CODE_SIGN_IDENTITY = "iPhone Developer";
				COPY_PHASE_STRIP = NO;
				DEBUG_INFORMATION_FORMAT = "dwarf-with-dsym";
				ENABLE_NS_ASSERTIONS = NO;
				ENABLE_STRICT_OBJC_MSGSEND = YES;
				GCC_C_LANGUAGE_STANDARD = gnu11;
				GCC_NO_COMMON_BLOCKS = YES;
				GCC_WARN_64_TO_32_BIT_CONVERSION = YES;
				GCC_WARN_ABOUT_RETURN_TYPE = YES_ERROR;
				GCC_WARN_UNDECLARED_SELECTOR = YES;
				GCC_WARN_UNINITIALIZED_AUTOS = YES_AGGRESSIVE;
				GCC_WARN_UNUSED_FUNCTION = YES;
				GCC_WARN_UNUSED_VARIABLE = YES;
				IPHONEOS_DEPLOYMENT_TARGET = 10.0;
				MTL_ENABLE_DEBUG_INFO = NO;
				SDKROOT = iphoneos;
				SWIFT_COMPILATION_MODE = wholemodule;
				SWIFT_OBJC_INTERFACE_HEADER_NAME = "SapphireProject-Swift.h";
				SWIFT_VERSION = 4.2;
				VALIDATE_PRODUCT = YES;
			};
			name = Release;
		};
		042CA0D121A4F19800AF8E74 /* Debug */ = {
			isa = XCBuildConfiguration;
			baseConfigurationReference = F87BA111503A9D2E1D248118 /* Pods-SapphireProject.debug.xcconfig */;
			buildSettings = {
				ASSETCATALOG_COMPILER_APPICON_NAME = AppIcon;
				CLANG_ENABLE_MODULES = YES;
				CODE_SIGN_STYLE = Automatic;
				DEVELOPMENT_TEAM = WGTKHKRPV6;
				INFOPLIST_FILE = SapphireProject/Info.plist;
				IPHONEOS_DEPLOYMENT_TARGET = 10.0;
				LD_RUNPATH_SEARCH_PATHS = (
					"$(inherited)",
					"@executable_path/Frameworks",
				);
				PRODUCT_BUNDLE_IDENTIFIER = com.sapphire.co.id;
				PRODUCT_NAME = "$(TARGET_NAME)";
				SWIFT_OBJC_BRIDGING_HEADER = "SapphireProject/custom/SapphireProject-Bridging-Header.h";
				SWIFT_OPTIMIZATION_LEVEL = "-Onone";
				SWIFT_VERSION = 4.2;
				TARGETED_DEVICE_FAMILY = 1;
			};
			name = Debug;
		};
		042CA0D221A4F19800AF8E74 /* Release */ = {
			isa = XCBuildConfiguration;
			baseConfigurationReference = 9B7C0FE9487E1FCE67FB66DC /* Pods-SapphireProject.release.xcconfig */;
			buildSettings = {
				ASSETCATALOG_COMPILER_APPICON_NAME = AppIcon;
				CLANG_ENABLE_MODULES = YES;
				CODE_SIGN_STYLE = Automatic;
				DEVELOPMENT_TEAM = WGTKHKRPV6;
				INFOPLIST_FILE = SapphireProject/Info.plist;
				IPHONEOS_DEPLOYMENT_TARGET = 10.0;
				LD_RUNPATH_SEARCH_PATHS = (
					"$(inherited)",
					"@executable_path/Frameworks",
				);
				PRODUCT_BUNDLE_IDENTIFIER = com.sapphire.co.id;
				PRODUCT_NAME = "$(TARGET_NAME)";
				SWIFT_OBJC_BRIDGING_HEADER = "SapphireProject/custom/SapphireProject-Bridging-Header.h";
				SWIFT_VERSION = 4.2;
				TARGETED_DEVICE_FAMILY = 1;
			};
			name = Release;
		};
		042CA0D421A4F19800AF8E74 /* Debug */ = {
			isa = XCBuildConfiguration;
			baseConfigurationReference = EF7A296A4E1A52807198C853 /* Pods-SapphireProjectTests.debug.xcconfig */;
			buildSettings = {
				ALWAYS_EMBED_SWIFT_STANDARD_LIBRARIES = YES;
				BUNDLE_LOADER = "$(TEST_HOST)";
				CODE_SIGN_STYLE = Automatic;
				INFOPLIST_FILE = SapphireProjectTests/Info.plist;
				LD_RUNPATH_SEARCH_PATHS = (
					"$(inherited)",
					"@executable_path/Frameworks",
					"@loader_path/Frameworks",
				);
				PRODUCT_BUNDLE_IDENTIFIER = com.sapphire.co.id.SapphireProjectTests;
				PRODUCT_NAME = "$(TARGET_NAME)";
				TARGETED_DEVICE_FAMILY = "1,2";
				TEST_HOST = "$(BUILT_PRODUCTS_DIR)/SapphireProject.app/SapphireProject";
			};
			name = Debug;
		};
		042CA0D521A4F19800AF8E74 /* Release */ = {
			isa = XCBuildConfiguration;
			baseConfigurationReference = FCC986E9EA4223F17A46A71C /* Pods-SapphireProjectTests.release.xcconfig */;
			buildSettings = {
				ALWAYS_EMBED_SWIFT_STANDARD_LIBRARIES = YES;
				BUNDLE_LOADER = "$(TEST_HOST)";
				CODE_SIGN_STYLE = Automatic;
				INFOPLIST_FILE = SapphireProjectTests/Info.plist;
				LD_RUNPATH_SEARCH_PATHS = (
					"$(inherited)",
					"@executable_path/Frameworks",
					"@loader_path/Frameworks",
				);
				PRODUCT_BUNDLE_IDENTIFIER = com.sapphire.co.id.SapphireProjectTests;
				PRODUCT_NAME = "$(TARGET_NAME)";
				TARGETED_DEVICE_FAMILY = "1,2";
				TEST_HOST = "$(BUILT_PRODUCTS_DIR)/SapphireProject.app/SapphireProject";
			};
			name = Release;
		};
		042CA0D721A4F19800AF8E74 /* Debug */ = {
			isa = XCBuildConfiguration;
			baseConfigurationReference = EE86CCECC15B319EBE7312B0 /* Pods-SapphireProjectUITests.debug.xcconfig */;
			buildSettings = {
				ALWAYS_EMBED_SWIFT_STANDARD_LIBRARIES = YES;
				CODE_SIGN_STYLE = Automatic;
				INFOPLIST_FILE = SapphireProjectUITests/Info.plist;
				LD_RUNPATH_SEARCH_PATHS = (
					"$(inherited)",
					"@executable_path/Frameworks",
					"@loader_path/Frameworks",
				);
				PRODUCT_BUNDLE_IDENTIFIER = com.sapphire.co.id.SapphireProjectUITests;
				PRODUCT_NAME = "$(TARGET_NAME)";
				TARGETED_DEVICE_FAMILY = "1,2";
				TEST_TARGET_NAME = SapphireProject;
			};
			name = Debug;
		};
		042CA0D821A4F19800AF8E74 /* Release */ = {
			isa = XCBuildConfiguration;
			baseConfigurationReference = D3AE6AC5CE1B4FD92FABCF3F /* Pods-SapphireProjectUITests.release.xcconfig */;
			buildSettings = {
				ALWAYS_EMBED_SWIFT_STANDARD_LIBRARIES = YES;
				CODE_SIGN_STYLE = Automatic;
				INFOPLIST_FILE = SapphireProjectUITests/Info.plist;
				LD_RUNPATH_SEARCH_PATHS = (
					"$(inherited)",
					"@executable_path/Frameworks",
					"@loader_path/Frameworks",
				);
				PRODUCT_BUNDLE_IDENTIFIER = com.sapphire.co.id.SapphireProjectUITests;
				PRODUCT_NAME = "$(TARGET_NAME)";
				TARGETED_DEVICE_FAMILY = "1,2";
				TEST_TARGET_NAME = SapphireProject;
			};
			name = Release;
		};
/* End XCBuildConfiguration section */

/* Begin XCConfigurationList section */
		042CA09C21A4F19500AF8E74 /* Build configuration list for PBXProject "SapphireProject" */ = {
			isa = XCConfigurationList;
			buildConfigurations = (
				042CA0CE21A4F19800AF8E74 /* Debug */,
				042CA0CF21A4F19800AF8E74 /* Release */,
			);
			defaultConfigurationIsVisible = 0;
			defaultConfigurationName = Release;
		};
		042CA0D021A4F19800AF8E74 /* Build configuration list for PBXNativeTarget "SapphireProject" */ = {
			isa = XCConfigurationList;
			buildConfigurations = (
				042CA0D121A4F19800AF8E74 /* Debug */,
				042CA0D221A4F19800AF8E74 /* Release */,
			);
			defaultConfigurationIsVisible = 0;
			defaultConfigurationName = Release;
		};
		042CA0D321A4F19800AF8E74 /* Build configuration list for PBXNativeTarget "SapphireProjectTests" */ = {
			isa = XCConfigurationList;
			buildConfigurations = (
				042CA0D421A4F19800AF8E74 /* Debug */,
				042CA0D521A4F19800AF8E74 /* Release */,
			);
			defaultConfigurationIsVisible = 0;
			defaultConfigurationName = Release;
		};
		042CA0D621A4F19800AF8E74 /* Build configuration list for PBXNativeTarget "SapphireProjectUITests" */ = {
			isa = XCConfigurationList;
			buildConfigurations = (
				042CA0D721A4F19800AF8E74 /* Debug */,
				042CA0D821A4F19800AF8E74 /* Release */,
			);
			defaultConfigurationIsVisible = 0;
			defaultConfigurationName = Release;
		};
/* End XCConfigurationList section */

/* Begin XCVersionGroup section */
		042CA0AD21A4F19500AF8E74 /* SapphireProject.xcdatamodeld */ = {
			isa = XCVersionGroup;
			children = (
				042CA0AE21A4F19500AF8E74 /* SapphireProject.xcdatamodel */,
			);
			currentVersion = 042CA0AE21A4F19500AF8E74 /* SapphireProject.xcdatamodel */;
			path = SapphireProject.xcdatamodeld;
			sourceTree = "<group>";
			versionGroupType = wrapper.xcdatamodel;
		};
/* End XCVersionGroup section */
	};
	rootObject = 042CA09921A4F19500AF8E74 /* Project object */;
}
